{
  "version": 4,
  "terraform_version": "1.11.4",
  "serial": 59,
  "lineage": "86691713-9248-e7ef-84bd-d1f108e059d7",
  "outputs": {
    "alb_security_group_id": {
      "value": "sg-0a164246db2774add",
      "type": "string"
    },
    "app_url": {
      "value": "https://app-owais.devops42.online",
      "type": "string"
    },
    "bi_tool_asg_name": {
      "value": "devops-project-owais-bi-tool-asg",
      "type": "string"
    },
    "bi_tool_target_group_arn": {
      "value": "arn:aws:elasticloadbalancing:us-west-2:032598032877:targetgroup/bi-tool-tg/aa965709705a8014",
      "type": "string"
    },
    "bi_url": {
      "value": "https://bi-owais.devops42.online",
      "type": "string"
    },
    "database_connection_info": {
      "value": {
        "mysql": {
          "database": "mysqlbidb",
          "host": "devops-project-owais-mysql.cf2k4qqogck4.us-west-2.rds.amazonaws.com:3306",
          "port": 3306,
          "username": "owaisdb"
        },
        "postgres": {
          "database": "psqlbidb",
          "host": "devops-project-owais-postgres.cf2k4qqogck4.us-west-2.rds.amazonaws.com:5432",
          "port": 5432,
          "username": "owaisdb"
        }
      },
      "type": [
        "object",
        {
          "mysql": [
            "object",
            {
              "database": "string",
              "host": "string",
              "port": "number",
              "username": "string"
            }
          ],
          "postgres": [
            "object",
            {
              "database": "string",
              "host": "string",
              "port": "number",
              "username": "string"
            }
          ]
        }
      ],
      "sensitive": true
    },
    "domain_name": {
      "value": "devops42.online",
      "type": "string"
    },
    "ec2_security_group_id": {
      "value": "sg-0dd5f6088b725e585",
      "type": "string"
    },
    "load_balancer_dns_name": {
      "value": "devops-project-owais-alb-1845062047.us-west-2.elb.amazonaws.com",
      "type": "string"
    },
    "load_balancer_zone_id": {
      "value": "Z1H1FL5HABSF5",
      "type": "string"
    },
    "mysql_endpoint": {
      "value": "devops-project-owais-mysql.cf2k4qqogck4.us-west-2.rds.amazonaws.com:3306",
      "type": "string"
    },
    "mysql_port": {
      "value": 3306,
      "type": "number"
    },
    "mysql_security_group_id": {
      "value": "sg-0982a7a15a335253b",
      "type": "string"
    },
    "postgres_endpoint": {
      "value": "devops-project-owais-postgres.cf2k4qqogck4.us-west-2.rds.amazonaws.com:5432",
      "type": "string"
    },
    "postgres_port": {
      "value": 5432,
      "type": "number"
    },
    "postgres_security_group_id": {
      "value": "sg-03fbd4eeaecc19924",
      "type": "string"
    },
    "private_subnet_ids": {
      "value": [
        "subnet-0e49c429d18ea26e2",
        "subnet-07f560c9551a2373b"
      ],
      "type": [
        "tuple",
        [
          "string",
          "string"
        ]
      ]
    },
    "public_subnet_ids": {
      "value": [
        "subnet-0124416bddff6808f",
        "subnet-042c962337bcdb5c4",
        "subnet-03071031540df252e",
        "subnet-0d4d02d7c6ce4007a"
      ],
      "type": [
        "tuple",
        [
          "string",
          "string",
          "string",
          "string"
        ]
      ]
    },
    "react_app_asg_name": {
      "value": "devops-project-owais-react-app-asg",
      "type": "string"
    },
    "react_app_target_group_arn": {
      "value": "arn:aws:elasticloadbalancing:us-west-2:032598032877:targetgroup/react-app-tg/bb72a240df2bcac2",
      "type": "string"
    },
    "ssl_certificate_arn": {
      "value": "arn:aws:acm:us-west-2:032598032877:certificate/5afc9254-c734-41c9-ab09-ca10b1a1374e",
      "type": "string"
    },
    "vpc_cidr_block": {
      "value": "172.31.0.0/16",
      "type": "string"
    },
    "vpc_id": {
      "value": "vpc-09ece0c1e60681e03",
      "type": "string"
    }
  },
  "resources": [
    {
      "mode": "data",
      "type": "aws_availability_zones",
      "name": "available",
      "provider": "provider[\"registry.terraform.io/hashicorp/aws\"]",
      "instances": [
        {
          "schema_version": 0,
          "attributes": {
            "all_availability_zones": null,
            "exclude_names": null,
            "exclude_zone_ids": null,
            "filter": null,
            "group_names": [
              "us-west-2-zg-1"
            ],
            "id": "us-west-2",
            "names": [
              "us-west-2a",
              "us-west-2b",
              "us-west-2c",
              "us-west-2d"
            ],
            "state": "available",
            "timeouts": null,
            "zone_ids": [
              "usw2-az2",
              "usw2-az1",
              "usw2-az3",
              "usw2-az4"
            ]
          },
          "sensitive_attributes": []
        }
      ]
    },
    {
      "mode": "data",
      "type": "aws_route53_zone",
      "name": "main",
      "provider": "provider[\"registry.terraform.io/hashicorp/aws\"]",
      "instances": [
        {
          "schema_version": 0,
          "attributes": {
            "arn": "arn:aws:route53:::hostedzone/Z0119957311W2KYKJ50SY",
            "caller_reference": "99481ee3-f0cf-4c24-8512-504c59eeea89",
            "comment": "",
            "id": "Z0119957311W2KYKJ50SY",
            "linked_service_description": null,
            "linked_service_principal": null,
            "name": "devops42.online",
            "name_servers": [
              "ns-1455.awsdns-53.org",
              "ns-1722.awsdns-23.co.uk",
              "ns-642.awsdns-16.net",
              "ns-180.awsdns-22.com"
            ],
            "primary_name_server": "ns-1455.awsdns-53.org",
            "private_zone": false,
            "resource_record_set_count": 7,
            "tags": {},
            "vpc_id": null,
            "zone_id": "Z0119957311W2KYKJ50SY"
          },
          "sensitive_attributes": []
        }
      ]
    },
    {
      "mode": "managed",
      "type": "aws_acm_certificate",
      "name": "main",
      "provider": "provider[\"registry.terraform.io/hashicorp/aws\"]",
      "instances": [
        {
          "schema_version": 0,
          "attributes": {
            "arn": "arn:aws:acm:us-west-2:032598032877:certificate/5afc9254-c734-41c9-ab09-ca10b1a1374e",
            "certificate_authority_arn": "",
            "certificate_body": null,
            "certificate_chain": null,
            "domain_name": "*.devops42.online",
            "domain_validation_options": [
              {
                "domain_name": "*.devops42.online",
                "resource_record_name": "_cb74cc92d564575ac3212204d5f19255.devops42.online.",
                "resource_record_type": "CNAME",
                "resource_record_value": "_5bda07b3b20a39f2571c2447526508b0.xlfgrmvvlj.acm-validations.aws."
              }
            ],
            "early_renewal_duration": "",
            "id": "arn:aws:acm:us-west-2:032598032877:certificate/5afc9254-c734-41c9-ab09-ca10b1a1374e",
            "key_algorithm": "RSA_2048",
            "not_after": "2026-07-15T23:59:59Z",
            "not_before": "2025-06-16T00:00:00Z",
            "options": [
              {
                "certificate_transparency_logging_preference": "ENABLED"
              }
            ],
            "pending_renewal": false,
            "private_key": null,
            "renewal_eligibility": "ELIGIBLE",
            "renewal_summary": [],
            "status": "ISSUED",
            "subject_alternative_names": [
              "*.devops42.online"
            ],
            "tags": {
              "Name": "devops-project-owais-cert"
            },
            "tags_all": {
              "Environment": "dev",
              "ManagedBy": "Terraform",
              "Name": "devops-project-owais-cert",
              "Project": "devops-project-owais"
            },
            "type": "AMAZON_ISSUED",
            "validation_emails": [],
            "validation_method": "DNS",
            "validation_option": []
          },
          "sensitive_attributes": [
            [
              {
                "type": "get_attr",
                "value": "private_key"
              }
            ]
          ],
          "private": "bnVsbA==",
          "create_before_destroy": true
        }
      ]
    },
    {
      "mode": "managed",
      "type": "aws_acm_certificate_validation",
      "name": "main",
      "provider": "provider[\"registry.terraform.io/hashicorp/aws\"]",
      "instances": [
        {
          "schema_version": 0,
          "attributes": {
            "certificate_arn": "arn:aws:acm:us-west-2:032598032877:certificate/5afc9254-c734-41c9-ab09-ca10b1a1374e",
            "id": "2025-06-16 02:21:12.339 +0000 UTC",
            "timeouts": {
              "create": "5m"
            },
            "validation_record_fqdns": [
              "_cb74cc92d564575ac3212204d5f19255.devops42.online"
            ]
          },
          "sensitive_attributes": [],
          "private": "eyJlMmJmYjczMC1lY2FhLTExZTYtOGY4OC0zNDM2M2JjN2M0YzAiOnsiY3JlYXRlIjozMDAwMDAwMDAwMDB9fQ==",
          "dependencies": [
            "aws_acm_certificate.main",
            "aws_route53_record.cert_validation",
            "data.aws_route53_zone.main"
          ]
        }
      ]
    },
    {
      "mode": "managed",
      "type": "aws_autoscaling_group",
      "name": "bi_tool_asg",
      "provider": "provider[\"registry.terraform.io/hashicorp/aws\"]",
      "instances": [
        {
          "schema_version": 1,
          "attributes": {
            "arn": "arn:aws:autoscaling:us-west-2:032598032877:autoScalingGroup:9a5fba8d-c43d-429a-b310-97ed55fbefb6:autoScalingGroupName/devops-project-owais-bi-tool-asg",
            "availability_zone_distribution": [
              {
                "capacity_distribution_strategy": "balanced-best-effort"
              }
            ],
            "availability_zones": [
              "us-west-2a",
              "us-west-2b",
              "us-west-2c",
              "us-west-2d"
            ],
            "capacity_rebalance": false,
            "capacity_reservation_specification": [
              {
                "capacity_reservation_preference": "default",
                "capacity_reservation_target": []
              }
            ],
            "context": "",
            "default_cooldown": 300,
            "default_instance_warmup": 0,
            "desired_capacity": 1,
            "desired_capacity_type": "",
            "enabled_metrics": [],
            "force_delete": false,
            "force_delete_warm_pool": false,
            "health_check_grace_period": 300,
            "health_check_type": "ELB",
            "id": "devops-project-owais-bi-tool-asg",
            "ignore_failed_scaling_activities": false,
            "initial_lifecycle_hook": [],
            "instance_maintenance_policy": [],
            "instance_refresh": [],
            "launch_configuration": "",
            "launch_template": [
              {
                "id": "lt-014f9c0690b932dad",
                "name": "devops-project-owais-bi-tool-lt-20250616022126222600000008",
                "version": "$Latest"
              }
            ],
            "load_balancers": [],
            "max_instance_lifetime": 0,
            "max_size": 1,
            "metrics_granularity": "1Minute",
            "min_elb_capacity": null,
            "min_size": 1,
            "mixed_instances_policy": [],
            "name": "devops-project-owais-bi-tool-asg",
            "name_prefix": "",
            "placement_group": "",
            "predicted_capacity": 0,
            "protect_from_scale_in": false,
            "service_linked_role_arn": "arn:aws:iam::032598032877:role/aws-service-role/autoscaling.amazonaws.com/AWSServiceRoleForAutoScaling",
            "suspended_processes": [],
            "tag": [
              {
                "key": "Environment",
                "propagate_at_launch": true,
                "value": "dev"
              },
              {
                "key": "Name",
                "propagate_at_launch": true,
                "value": "devops-project-owais-bi-tool-asg-instance"
              },
              {
                "key": "Project",
                "propagate_at_launch": true,
                "value": "devops-project-owais"
              }
            ],
            "target_group_arns": [
              "arn:aws:elasticloadbalancing:us-west-2:032598032877:targetgroup/bi-tool-tg/aa965709705a8014"
            ],
            "termination_policies": [],
            "timeouts": null,
            "traffic_source": [
              {
                "identifier": "arn:aws:elasticloadbalancing:us-west-2:032598032877:targetgroup/bi-tool-tg/aa965709705a8014",
                "type": "elbv2"
              }
            ],
            "vpc_zone_identifier": [
              "subnet-0124416bddff6808f",
              "subnet-03071031540df252e",
              "subnet-042c962337bcdb5c4",
              "subnet-0d4d02d7c6ce4007a"
            ],
            "wait_for_capacity_timeout": "10m",
            "wait_for_elb_capacity": null,
            "warm_pool": [],
            "warm_pool_size": 0
          },
          "sensitive_attributes": [],
          "private": "eyJlMmJmYjczMC1lY2FhLTExZTYtOGY4OC0zNDM2M2JjN2M0YzAiOnsiZGVsZXRlIjo2MDAwMDAwMDAwMDAsInVwZGF0ZSI6NjAwMDAwMDAwMDAwfSwic2NoZW1hX3ZlcnNpb24iOiIxIn0=",
          "dependencies": [
            "aws_launch_template.bi_tool",
            "aws_lb_target_group.bi_tool_tg",
            "aws_security_group.alb",
            "aws_security_group.ec2",
            "aws_subnet.public",
            "aws_vpc.main",
            "data.aws_availability_zones.available"
          ],
          "create_before_destroy": true
        }
      ]
    },
    {
      "mode": "managed",
      "type": "aws_autoscaling_group",
      "name": "react_app_asg",
      "provider": "provider[\"registry.terraform.io/hashicorp/aws\"]",
      "instances": [
        {
          "schema_version": 1,
          "attributes": {
            "arn": "arn:aws:autoscaling:us-west-2:032598032877:autoScalingGroup:9ff54e5d-75a0-4666-af3f-8d389eb59aa8:autoScalingGroupName/devops-project-owais-react-app-asg",
            "availability_zone_distribution": [
              {
                "capacity_distribution_strategy": "balanced-best-effort"
              }
            ],
            "availability_zones": [
              "us-west-2a",
              "us-west-2b",
              "us-west-2c",
              "us-west-2d"
            ],
            "capacity_rebalance": false,
            "capacity_reservation_specification": [
              {
                "capacity_reservation_preference": "default",
                "capacity_reservation_target": []
              }
            ],
            "context": "",
            "default_cooldown": 300,
            "default_instance_warmup": 0,
            "desired_capacity": 2,
            "desired_capacity_type": "",
            "enabled_metrics": [],
            "force_delete": false,
            "force_delete_warm_pool": false,
            "health_check_grace_period": 300,
            "health_check_type": "ELB",
            "id": "devops-project-owais-react-app-asg",
            "ignore_failed_scaling_activities": false,
            "initial_lifecycle_hook": [],
            "instance_maintenance_policy": [],
            "instance_refresh": [],
            "launch_configuration": "",
            "launch_template": [
              {
                "id": "lt-0c4f7e940fce2a64e",
                "name": "devops-project-owais-react-app-lt-2025061602212622270000000a",
                "version": "$Latest"
              }
            ],
            "load_balancers": [],
            "max_instance_lifetime": 0,
            "max_size": 3,
            "metrics_granularity": "1Minute",
            "min_elb_capacity": null,
            "min_size": 2,
            "mixed_instances_policy": [],
            "name": "devops-project-owais-react-app-asg",
            "name_prefix": "",
            "placement_group": "",
            "predicted_capacity": 0,
            "protect_from_scale_in": false,
            "service_linked_role_arn": "arn:aws:iam::032598032877:role/aws-service-role/autoscaling.amazonaws.com/AWSServiceRoleForAutoScaling",
            "suspended_processes": [],
            "tag": [
              {
                "key": "Environment",
                "propagate_at_launch": true,
                "value": "dev"
              },
              {
                "key": "Name",
                "propagate_at_launch": true,
                "value": "devops-project-owais-react-app-asg-instance"
              },
              {
                "key": "Project",
                "propagate_at_launch": true,
                "value": "devops-project-owais"
              }
            ],
            "target_group_arns": [
              "arn:aws:elasticloadbalancing:us-west-2:032598032877:targetgroup/react-app-tg/bb72a240df2bcac2"
            ],
            "termination_policies": [],
            "timeouts": null,
            "traffic_source": [
              {
                "identifier": "arn:aws:elasticloadbalancing:us-west-2:032598032877:targetgroup/react-app-tg/bb72a240df2bcac2",
                "type": "elbv2"
              }
            ],
            "vpc_zone_identifier": [
              "subnet-0124416bddff6808f",
              "subnet-03071031540df252e",
              "subnet-042c962337bcdb5c4",
              "subnet-0d4d02d7c6ce4007a"
            ],
            "wait_for_capacity_timeout": "10m",
            "wait_for_elb_capacity": null,
            "warm_pool": [],
            "warm_pool_size": 0
          },
          "sensitive_attributes": [],
          "private": "eyJlMmJmYjczMC1lY2FhLTExZTYtOGY4OC0zNDM2M2JjN2M0YzAiOnsiZGVsZXRlIjo2MDAwMDAwMDAwMDAsInVwZGF0ZSI6NjAwMDAwMDAwMDAwfSwic2NoZW1hX3ZlcnNpb24iOiIxIn0=",
          "dependencies": [
            "aws_launch_template.react_app",
            "aws_lb_target_group.react_app_tg",
            "aws_security_group.alb",
            "aws_security_group.ec2",
            "aws_subnet.public",
            "aws_vpc.main",
            "data.aws_availability_zones.available"
          ],
          "create_before_destroy": true
        }
      ]
    },
    {
      "mode": "managed",
      "type": "aws_autoscaling_policy",
      "name": "react_app_scale_down",
      "provider": "provider[\"registry.terraform.io/hashicorp/aws\"]",
      "instances": [
        {
          "schema_version": 0,
          "attributes": {
            "adjustment_type": "ChangeInCapacity",
            "arn": "arn:aws:autoscaling:us-west-2:032598032877:scalingPolicy:d180c99d-bd88-420c-b04c-170a7198d960:autoScalingGroupName/devops-project-owais-react-app-asg:policyName/devops-project-owais-react-app-scale-down",
            "autoscaling_group_name": "devops-project-owais-react-app-asg",
            "cooldown": 300,
            "enabled": true,
            "estimated_instance_warmup": 0,
            "id": "devops-project-owais-react-app-scale-down",
            "metric_aggregation_type": "",
            "min_adjustment_magnitude": 0,
            "name": "devops-project-owais-react-app-scale-down",
            "policy_type": "SimpleScaling",
            "predictive_scaling_configuration": [],
            "scaling_adjustment": -1,
            "step_adjustment": [],
            "target_tracking_configuration": []
          },
          "sensitive_attributes": [],
          "private": "bnVsbA==",
          "dependencies": [
            "aws_autoscaling_group.react_app_asg",
            "aws_launch_template.react_app",
            "aws_lb_target_group.react_app_tg",
            "aws_security_group.alb",
            "aws_security_group.ec2",
            "aws_subnet.public",
            "aws_vpc.main",
            "data.aws_availability_zones.available"
          ]
        }
      ]
    },
    {
      "mode": "managed",
      "type": "aws_autoscaling_policy",
      "name": "react_app_scale_up",
      "provider": "provider[\"registry.terraform.io/hashicorp/aws\"]",
      "instances": [
        {
          "schema_version": 0,
          "attributes": {
            "adjustment_type": "ChangeInCapacity",
            "arn": "arn:aws:autoscaling:us-west-2:032598032877:scalingPolicy:87846e0d-13d8-43c6-a957-614b4902ea92:autoScalingGroupName/devops-project-owais-react-app-asg:policyName/devops-project-owais-react-app-scale-up",
            "autoscaling_group_name": "devops-project-owais-react-app-asg",
            "cooldown": 300,
            "enabled": true,
            "estimated_instance_warmup": 0,
            "id": "devops-project-owais-react-app-scale-up",
            "metric_aggregation_type": "",
            "min_adjustment_magnitude": 0,
            "name": "devops-project-owais-react-app-scale-up",
            "policy_type": "SimpleScaling",
            "predictive_scaling_configuration": [],
            "scaling_adjustment": 1,
            "step_adjustment": [],
            "target_tracking_configuration": []
          },
          "sensitive_attributes": [],
          "private": "bnVsbA==",
          "dependencies": [
            "aws_autoscaling_group.react_app_asg",
            "aws_launch_template.react_app",
            "aws_lb_target_group.react_app_tg",
            "aws_security_group.alb",
            "aws_security_group.ec2",
            "aws_subnet.public",
            "aws_vpc.main",
            "data.aws_availability_zones.available"
          ]
        }
      ]
    },
    {
      "mode": "managed",
      "type": "aws_cloudwatch_metric_alarm",
      "name": "react_app_cpu_high",
      "provider": "provider[\"registry.terraform.io/hashicorp/aws\"]",
      "instances": [
        {
          "schema_version": 1,
          "attributes": {
            "actions_enabled": true,
            "alarm_actions": [
              "arn:aws:autoscaling:us-west-2:032598032877:scalingPolicy:87846e0d-13d8-43c6-a957-614b4902ea92:autoScalingGroupName/devops-project-owais-react-app-asg:policyName/devops-project-owais-react-app-scale-up"
            ],
            "alarm_description": "This metric monitors react app ec2 cpu utilization",
            "alarm_name": "devops-project-owais-react-app-cpu-high",
            "arn": "arn:aws:cloudwatch:us-west-2:032598032877:alarm:devops-project-owais-react-app-cpu-high",
            "comparison_operator": "GreaterThanThreshold",
            "datapoints_to_alarm": 0,
            "dimensions": {
              "AutoScalingGroupName": "devops-project-owais-react-app-asg"
            },
            "evaluate_low_sample_count_percentiles": "",
            "evaluation_periods": 2,
            "extended_statistic": "",
            "id": "devops-project-owais-react-app-cpu-high",
            "insufficient_data_actions": [],
            "metric_name": "CPUUtilization",
            "metric_query": [],
            "namespace": "AWS/EC2",
            "ok_actions": [],
            "period": 120,
            "statistic": "Average",
            "tags": {},
            "tags_all": {
              "Environment": "dev",
              "ManagedBy": "Terraform",
              "Project": "devops-project-owais"
            },
            "threshold": 70,
            "threshold_metric_id": "",
            "treat_missing_data": "missing",
            "unit": ""
          },
          "sensitive_attributes": [],
          "private": "eyJzY2hlbWFfdmVyc2lvbiI6IjEifQ==",
          "dependencies": [
            "aws_autoscaling_group.react_app_asg",
            "aws_autoscaling_policy.react_app_scale_up",
            "aws_launch_template.react_app",
            "aws_lb_target_group.react_app_tg",
            "aws_security_group.alb",
            "aws_security_group.ec2",
            "aws_subnet.public",
            "aws_vpc.main",
            "data.aws_availability_zones.available"
          ]
        }
      ]
    },
    {
      "mode": "managed",
      "type": "aws_cloudwatch_metric_alarm",
      "name": "react_app_cpu_low",
      "provider": "provider[\"registry.terraform.io/hashicorp/aws\"]",
      "instances": [
        {
          "schema_version": 1,
          "attributes": {
            "actions_enabled": true,
            "alarm_actions": [
              "arn:aws:autoscaling:us-west-2:032598032877:scalingPolicy:d180c99d-bd88-420c-b04c-170a7198d960:autoScalingGroupName/devops-project-owais-react-app-asg:policyName/devops-project-owais-react-app-scale-down"
            ],
            "alarm_description": "This metric monitors react app ec2 cpu utilization",
            "alarm_name": "devops-project-owais-react-app-cpu-low",
            "arn": "arn:aws:cloudwatch:us-west-2:032598032877:alarm:devops-project-owais-react-app-cpu-low",
            "comparison_operator": "LessThanThreshold",
            "datapoints_to_alarm": 0,
            "dimensions": {
              "AutoScalingGroupName": "devops-project-owais-react-app-asg"
            },
            "evaluate_low_sample_count_percentiles": "",
            "evaluation_periods": 2,
            "extended_statistic": "",
            "id": "devops-project-owais-react-app-cpu-low",
            "insufficient_data_actions": [],
            "metric_name": "CPUUtilization",
            "metric_query": [],
            "namespace": "AWS/EC2",
            "ok_actions": [],
            "period": 120,
            "statistic": "Average",
            "tags": {},
            "tags_all": {
              "Environment": "dev",
              "ManagedBy": "Terraform",
              "Project": "devops-project-owais"
            },
            "threshold": 30,
            "threshold_metric_id": "",
            "treat_missing_data": "missing",
            "unit": ""
          },
          "sensitive_attributes": [],
          "private": "eyJzY2hlbWFfdmVyc2lvbiI6IjEifQ==",
          "dependencies": [
            "aws_autoscaling_group.react_app_asg",
            "aws_autoscaling_policy.react_app_scale_down",
            "aws_launch_template.react_app",
            "aws_lb_target_group.react_app_tg",
            "aws_security_group.alb",
            "aws_security_group.ec2",
            "aws_subnet.public",
            "aws_vpc.main",
            "data.aws_availability_zones.available"
          ]
        }
      ]
    },
    {
      "mode": "managed",
      "type": "aws_db_instance",
      "name": "mysql",
      "provider": "provider[\"registry.terraform.io/hashicorp/aws\"]",
      "instances": [
        {
          "schema_version": 2,
          "attributes": {
            "address": "devops-project-owais-mysql.cf2k4qqogck4.us-west-2.rds.amazonaws.com",
            "allocated_storage": 20,
            "allow_major_version_upgrade": null,
            "apply_immediately": false,
            "arn": "arn:aws:rds:us-west-2:032598032877:db:devops-project-owais-mysql",
            "auto_minor_version_upgrade": true,
            "availability_zone": "us-west-2a",
            "backup_retention_period": 7,
            "backup_target": "region",
            "backup_window": "03:00-04:00",
            "blue_green_update": [],
            "ca_cert_identifier": "rds-ca-rsa2048-g1",
            "character_set_name": "",
            "copy_tags_to_snapshot": false,
            "custom_iam_instance_profile": "",
            "customer_owned_ip_enabled": false,
            "database_insights_mode": "standard",
            "db_name": "mysqlbidb",
            "db_subnet_group_name": "devops-project-owais-db-subnet-group",
            "dedicated_log_volume": false,
            "delete_automated_backups": true,
            "deletion_protection": false,
            "domain": "",
            "domain_auth_secret_arn": "",
            "domain_dns_ips": [],
            "domain_fqdn": "",
            "domain_iam_role_name": "",
            "domain_ou": "",
            "enabled_cloudwatch_logs_exports": [],
            "endpoint": "devops-project-owais-mysql.cf2k4qqogck4.us-west-2.rds.amazonaws.com:3306",
            "engine": "mysql",
            "engine_lifecycle_support": "open-source-rds-extended-support",
            "engine_version": "8.0.41",
            "engine_version_actual": "8.0.41",
            "final_snapshot_identifier": null,
            "hosted_zone_id": "Z1PVIF0B656C1W",
            "iam_database_authentication_enabled": false,
            "id": "db-ZK5IXSOEW5345MUCHMH23TOVTY",
            "identifier": "devops-project-owais-mysql",
            "identifier_prefix": "",
            "instance_class": "db.t3.micro",
            "iops": 0,
            "kms_key_id": "arn:aws:kms:us-west-2:032598032877:key/c6517865-69c7-44f1-9bdc-2ce1f4922fce",
            "latest_restorable_time": "2025-06-16T06:55:00Z",
            "license_model": "general-public-license",
            "listener_endpoint": [],
            "maintenance_window": "sun:04:00-sun:05:00",
            "manage_master_user_password": null,
            "master_user_secret": [],
            "master_user_secret_kms_key_id": null,
            "max_allocated_storage": 0,
            "monitoring_interval": 0,
            "monitoring_role_arn": "",
            "multi_az": false,
            "nchar_character_set_name": "",
            "network_type": "IPV4",
            "option_group_name": "default:mysql-8-0",
            "parameter_group_name": "default.mysql8.0",
            "password": "password123!",
            "password_wo": null,
            "password_wo_version": null,
            "performance_insights_enabled": false,
            "performance_insights_kms_key_id": "",
            "performance_insights_retention_period": 0,
            "port": 3306,
            "publicly_accessible": false,
            "replica_mode": "",
            "replicas": [],
            "replicate_source_db": "",
            "resource_id": "db-ZK5IXSOEW5345MUCHMH23TOVTY",
            "restore_to_point_in_time": [],
            "s3_import": [],
            "skip_final_snapshot": true,
            "snapshot_identifier": null,
            "status": "available",
            "storage_encrypted": true,
            "storage_throughput": 0,
            "storage_type": "gp2",
            "tags": {
              "Name": "devops-project-owais-mysql"
            },
            "tags_all": {
              "Environment": "dev",
              "ManagedBy": "Terraform",
              "Name": "devops-project-owais-mysql",
              "Project": "devops-project-owais"
            },
            "timeouts": null,
            "timezone": "",
            "upgrade_storage_config": null,
            "username": "owaisdb",
            "vpc_security_group_ids": [
              "sg-0982a7a15a335253b"
            ]
          },
          "sensitive_attributes": [
            [
              {
                "type": "get_attr",
                "value": "password_wo"
              }
            ],
            [
              {
                "type": "get_attr",
                "value": "password"
              }
            ]
          ],
          "private": "eyJlMmJmYjczMC1lY2FhLTExZTYtOGY4OC0zNDM2M2JjN2M0YzAiOnsiY3JlYXRlIjozMDAwMDAwMDAwMDAwLCJkZWxldGUiOjM2MDAwMDAwMDAwMDAsInVwZGF0ZSI6NDgwMDAwMDAwMDAwMH0sInNjaGVtYV92ZXJzaW9uIjoiMiJ9",
          "dependencies": [
            "aws_db_subnet_group.main",
            "aws_security_group.alb",
            "aws_security_group.ec2",
            "aws_security_group.rds_mysql",
            "aws_subnet.private",
            "aws_vpc.main",
            "data.aws_availability_zones.available"
          ]
        }
      ]
    },
    {
      "mode": "managed",
      "type": "aws_db_instance",
      "name": "postgres",
      "provider": "provider[\"registry.terraform.io/hashicorp/aws\"]",
      "instances": [
        {
          "schema_version": 2,
          "attributes": {
            "address": "devops-project-owais-postgres.cf2k4qqogck4.us-west-2.rds.amazonaws.com",
            "allocated_storage": 20,
            "allow_major_version_upgrade": null,
            "apply_immediately": false,
            "arn": "arn:aws:rds:us-west-2:032598032877:db:devops-project-owais-postgres",
            "auto_minor_version_upgrade": true,
            "availability_zone": "us-west-2a",
            "backup_retention_period": 7,
            "backup_target": "region",
            "backup_window": "03:00-04:00",
            "blue_green_update": [],
            "ca_cert_identifier": "rds-ca-rsa2048-g1",
            "character_set_name": "",
            "copy_tags_to_snapshot": false,
            "custom_iam_instance_profile": "",
            "customer_owned_ip_enabled": false,
            "database_insights_mode": "standard",
            "db_name": "psqlbidb",
            "db_subnet_group_name": "devops-project-owais-db-subnet-group",
            "dedicated_log_volume": false,
            "delete_automated_backups": true,
            "deletion_protection": false,
            "domain": "",
            "domain_auth_secret_arn": "",
            "domain_dns_ips": [],
            "domain_fqdn": "",
            "domain_iam_role_name": "",
            "domain_ou": "",
            "enabled_cloudwatch_logs_exports": [],
            "endpoint": "devops-project-owais-postgres.cf2k4qqogck4.us-west-2.rds.amazonaws.com:5432",
            "engine": "postgres",
            "engine_lifecycle_support": "open-source-rds-extended-support",
            "engine_version": "17.4",
            "engine_version_actual": "17.4",
            "final_snapshot_identifier": null,
            "hosted_zone_id": "Z1PVIF0B656C1W",
            "iam_database_authentication_enabled": false,
            "id": "db-SXRBAK7DOIEIWXSWF6CQFCVJ4I",
            "identifier": "devops-project-owais-postgres",
            "identifier_prefix": "",
            "instance_class": "db.t3.micro",
            "iops": 0,
            "kms_key_id": "arn:aws:kms:us-west-2:032598032877:key/c6517865-69c7-44f1-9bdc-2ce1f4922fce",
            "latest_restorable_time": "2025-06-16T06:54:30Z",
            "license_model": "postgresql-license",
            "listener_endpoint": [],
            "maintenance_window": "sun:04:00-sun:05:00",
            "manage_master_user_password": null,
            "master_user_secret": [],
            "master_user_secret_kms_key_id": null,
            "max_allocated_storage": 0,
            "monitoring_interval": 0,
            "monitoring_role_arn": "",
            "multi_az": false,
            "nchar_character_set_name": "",
            "network_type": "IPV4",
            "option_group_name": "default:postgres-17",
            "parameter_group_name": "default.postgres17",
            "password": "password123!",
            "password_wo": null,
            "password_wo_version": null,
            "performance_insights_enabled": false,
            "performance_insights_kms_key_id": "",
            "performance_insights_retention_period": 0,
            "port": 5432,
            "publicly_accessible": false,
            "replica_mode": "",
            "replicas": [],
            "replicate_source_db": "",
            "resource_id": "db-SXRBAK7DOIEIWXSWF6CQFCVJ4I",
            "restore_to_point_in_time": [],
            "s3_import": [],
            "skip_final_snapshot": true,
            "snapshot_identifier": null,
            "status": "available",
            "storage_encrypted": true,
            "storage_throughput": 0,
            "storage_type": "gp2",
            "tags": {
              "Name": "devops-project-owais-postgres"
            },
            "tags_all": {
              "Environment": "dev",
              "ManagedBy": "Terraform",
              "Name": "devops-project-owais-postgres",
              "Project": "devops-project-owais"
            },
            "timeouts": null,
            "timezone": "",
            "upgrade_storage_config": null,
            "username": "owaisdb",
            "vpc_security_group_ids": [
              "sg-03fbd4eeaecc19924"
            ]
          },
          "sensitive_attributes": [
            [
              {
                "type": "get_attr",
                "value": "password_wo"
              }
            ],
            [
              {
                "type": "get_attr",
                "value": "password"
              }
            ]
          ],
          "private": "eyJlMmJmYjczMC1lY2FhLTExZTYtOGY4OC0zNDM2M2JjN2M0YzAiOnsiY3JlYXRlIjozMDAwMDAwMDAwMDAwLCJkZWxldGUiOjM2MDAwMDAwMDAwMDAsInVwZGF0ZSI6NDgwMDAwMDAwMDAwMH0sInNjaGVtYV92ZXJzaW9uIjoiMiJ9",
          "dependencies": [
            "aws_db_subnet_group.main",
            "aws_security_group.alb",
            "aws_security_group.ec2",
            "aws_security_group.rds_postgres",
            "aws_subnet.private",
            "aws_vpc.main",
            "data.aws_availability_zones.available"
          ]
        }
      ]
    },
    {
      "mode": "managed",
      "type": "aws_db_subnet_group",
      "name": "main",
      "provider": "provider[\"registry.terraform.io/hashicorp/aws\"]",
      "instances": [
        {
          "schema_version": 0,
          "attributes": {
            "arn": "arn:aws:rds:us-west-2:032598032877:subgrp:devops-project-owais-db-subnet-group",
            "description": "Managed by Terraform",
            "id": "devops-project-owais-db-subnet-group",
            "name": "devops-project-owais-db-subnet-group",
            "name_prefix": "",
            "subnet_ids": [
              "subnet-07f560c9551a2373b",
              "subnet-0e49c429d18ea26e2"
            ],
            "supported_network_types": [
              "IPV4"
            ],
            "tags": {
              "Name": "devops-project-owais-db-subnet-group"
            },
            "tags_all": {
              "Environment": "dev",
              "ManagedBy": "Terraform",
              "Name": "devops-project-owais-db-subnet-group",
              "Project": "devops-project-owais"
            },
            "vpc_id": "vpc-09ece0c1e60681e03"
          },
          "sensitive_attributes": [],
          "private": "bnVsbA==",
          "dependencies": [
            "aws_subnet.private",
            "aws_vpc.main",
            "data.aws_availability_zones.available"
          ]
        }
      ]
    },
    {
      "mode": "managed",
      "type": "aws_internet_gateway",
      "name": "main",
      "provider": "provider[\"registry.terraform.io/hashicorp/aws\"]",
      "instances": [
        {
          "schema_version": 0,
          "attributes": {
            "arn": "arn:aws:ec2:us-west-2:032598032877:internet-gateway/igw-068e0620e60d4dc4f",
            "id": "igw-068e0620e60d4dc4f",
            "owner_id": "032598032877",
            "tags": {
              "Name": "devops-project-owais-igw"
            },
            "tags_all": {
              "Environment": "dev",
              "ManagedBy": "Terraform",
              "Name": "devops-project-owais-igw",
              "Project": "devops-project-owais"
            },
            "timeouts": null,
            "vpc_id": "vpc-09ece0c1e60681e03"
          },
          "sensitive_attributes": [],
          "private": "eyJlMmJmYjczMC1lY2FhLTExZTYtOGY4OC0zNDM2M2JjN2M0YzAiOnsiY3JlYXRlIjoxMjAwMDAwMDAwMDAwLCJkZWxldGUiOjEyMDAwMDAwMDAwMDAsInVwZGF0ZSI6MTIwMDAwMDAwMDAwMH19",
          "dependencies": [
            "aws_vpc.main"
          ]
        }
      ]
    },
    {
      "mode": "managed",
      "type": "aws_launch_template",
      "name": "bi_tool",
      "provider": "provider[\"registry.terraform.io/hashicorp/aws\"]",
      "instances": [
        {
          "schema_version": 0,
          "attributes": {
            "arn": "arn:aws:ec2:us-west-2:032598032877:launch-template/lt-014f9c0690b932dad",
            "block_device_mappings": [],
            "capacity_reservation_specification": [],
            "cpu_options": [],
            "credit_specification": [],
            "default_version": 1,
            "description": "",
            "disable_api_stop": false,
            "disable_api_termination": false,
            "ebs_optimized": "",
            "elastic_gpu_specifications": [],
            "elastic_inference_accelerator": [],
            "enclave_options": [],
            "hibernation_options": [],
            "iam_instance_profile": [],
            "id": "lt-014f9c0690b932dad",
            "image_id": "ami-05f991c49d264708f",
            "instance_initiated_shutdown_behavior": "",
            "instance_market_options": [],
            "instance_requirements": [],
            "instance_type": "t3.micro",
            "kernel_id": "",
            "key_name": "devops-project",
            "latest_version": 4,
            "license_specification": [],
            "maintenance_options": [],
            "metadata_options": [],
            "monitoring": [],
            "name": "devops-project-owais-bi-tool-lt-20250616022126222600000008",
            "name_prefix": "devops-project-owais-bi-tool-lt-",
            "network_interfaces": [],
            "placement": [],
            "private_dns_name_options": [],
            "ram_disk_id": "",
            "security_group_names": [],
            "tag_specifications": [
              {
                "resource_type": "instance",
                "tags": {
                  "Name": "devops-project-owais-bi-tool-instance",
                  "Role": "bi-tool"
                }
              }
            ],
            "tags": {},
            "tags_all": {
              "Environment": "dev",
              "ManagedBy": "Terraform",
              "Project": "devops-project-owais"
            },
            "update_default_version": null,
            "user_data": "IyEvYmluL2Jhc2gKc2V0IC1ldW8gcGlwZWZhaWwKZXhlYyA+ID4odGVlIC92YXIvbG9nL3VzZXItZGF0YS5sb2cgfCBsb2dnZXIgLXQgdXNlci1kYXRhIC1zIDI+L2Rldi9jb25zb2xlKSAyPiYxCgojIFVwZGF0ZSBzc2hkX2NvbmZpZwpzZWQgLWkgJ3MvXiNBbGxvd1RjcEZvcndhcmRpbmcgeWVzL0FsbG93VGNwRm9yd2FyZGluZyB5ZXMvJyAvZXRjL3NzaC9zc2hkX2NvbmZpZwpzZWQgLWkgJ3MvXiNQdWJrZXlBdXRoZW50aWNhdGlvbiB5ZXMvUHVia2V5QXV0aGVudGljYXRpb24geWVzLycgL2V0Yy9zc2gvc3NoZF9jb25maWcKc3lzdGVtY3RsIHJlc3RhcnQgc3NoCgojIFVwZGF0ZSBhbmQgaW5zdGFsbCByZXF1aXJlZCBwYWNrYWdlcwphcHQtZ2V0IHVwZGF0ZSAteQphcHQtZ2V0IHVwZ3JhZGUgLXkKYXB0LWdldCBpbnN0YWxsIC15IGRvY2tlci5pbyBuZ2lueAoKc3lzdGVtY3RsIHN0YXJ0IGRvY2tlcgpzeXN0ZW1jdGwgZW5hYmxlIGRvY2tlcgp1c2VybW9kIC1hRyBkb2NrZXIgdWJ1bnR1CgpzeXN0ZW1jdGwgc3RhcnQgbmdpbngKc3lzdGVtY3RsIGVuYWJsZSBuZ2lueAoKIyBBZGQgMUdCIFN3YXAKZmFsbG9jYXRlIC1sIDFHIC9zd2FwZmlsZQpjaG1vZCA2MDAgL3N3YXBmaWxlCm1rc3dhcCAvc3dhcGZpbGUKc3dhcG9uIC9zd2FwZmlsZQplY2hvICcvc3dhcGZpbGUgc3dhcCBzd2FwIGRlZmF1bHRzIDAgMCcgPj4gL2V0Yy9mc3RhYgoKIyBDcmVhdGUgd29ya2luZyBkaXJlY3RvcnkKbWtkaXIgLXAgL29wdC9iaQpjZCAvb3B0L2JpCgojIFB1bGwgYW5kIHJ1biBNZXRhYmFzZSBjb250YWluZXIgd2l0aCBtZW1vcnkgY29uc3RyYWludHMKZG9ja2VyIHB1bGwgbWV0YWJhc2UvbWV0YWJhc2U6bGF0ZXN0CmRvY2tlciBydW4gLWQgXAogIC0tbmFtZSBtZXRhYmFzZS1jb250YWluZXIgXAogIC1wIDMwMDA6MzAwMCBcCiAgLS1tZW1vcnk9IjUxMm0iIFwKICAtZSBKQVZBX1RPT0xfT1BUSU9OUz0iLVhteDI1Nk0iIFwKICBtZXRhYmFzZS9tZXRhYmFzZTpsYXRlc3QKCiMgTmdpbnggcmV2ZXJzZSBwcm94eSBmb3IgTWV0YWJhc2UKcm0gLWYgL2V0Yy9uZ2lueC9zaXRlcy1lbmFibGVkL2RlZmF1bHQKY2F0ID4gL2V0Yy9uZ2lueC9zaXRlcy1hdmFpbGFibGUvbWV0YWJhc2UgPDwgJ0VPRicKc2VydmVyIHsKICAgIGxpc3RlbiA4MDsKICAgIHNlcnZlcl9uYW1lIGJpLW93YWlzLmRldm9wczQyLm9ubGluZTsKCiAgICBsb2NhdGlvbiAvIHsKICAgICAgICBwcm94eV9wYXNzIGh0dHA6Ly9sb2NhbGhvc3Q6MzAwMDsKICAgICAgICBwcm94eV9zZXRfaGVhZGVyIEhvc3QgJGhvc3Q7CiAgICAgICAgcHJveHlfc2V0X2hlYWRlciBYLVJlYWwtSVAgJHJlbW90ZV9hZGRyOwogICAgICAgIHByb3h5X3NldF9oZWFkZXIgWC1Gb3J3YXJkZWQtRm9yICRwcm94eV9hZGRfeF9mb3J3YXJkZWRfZm9yOwogICAgICAgIHByb3h5X3NldF9oZWFkZXIgWC1Gb3J3YXJkZWQtUHJvdG8gJHNjaGVtZTsKICAgIH0KICAgIHByb3h5X3JlYWRfdGltZW91dCAxMjBzOwogICAgcHJveHlfY29ubmVjdF90aW1lb3V0IDYwczsKfQpFT0YKCmxuIC1zIC9ldGMvbmdpbngvc2l0ZXMtYXZhaWxhYmxlL21ldGFiYXNlIC9ldGMvbmdpbngvc2l0ZXMtZW5hYmxlZC8KbmdpbnggLXQgJiYgc3lzdGVtY3RsIHJlc3RhcnQgbmdpbngKCmVjaG8gInVzZXJiaV9kYXRhLnNoIGNvbXBsZXRlZCBhdCAkKGRhdGUpIgo=",
            "vpc_security_group_ids": [
              "sg-0dd5f6088b725e585"
            ]
          },
          "sensitive_attributes": [],
          "private": "bnVsbA==",
          "dependencies": [
            "aws_security_group.alb",
            "aws_security_group.ec2",
            "aws_vpc.main"
          ],
          "create_before_destroy": true
        }
      ]
    },
    {
      "mode": "managed",
      "type": "aws_launch_template",
      "name": "react_app",
      "provider": "provider[\"registry.terraform.io/hashicorp/aws\"]",
      "instances": [
        {
          "schema_version": 0,
          "attributes": {
            "arn": "arn:aws:ec2:us-west-2:032598032877:launch-template/lt-0c4f7e940fce2a64e",
            "block_device_mappings": [],
            "capacity_reservation_specification": [],
            "cpu_options": [],
            "credit_specification": [],
            "default_version": 1,
            "description": "",
            "disable_api_stop": false,
            "disable_api_termination": false,
            "ebs_optimized": "",
            "elastic_gpu_specifications": [],
            "elastic_inference_accelerator": [],
            "enclave_options": [],
            "hibernation_options": [],
            "iam_instance_profile": [],
            "id": "lt-0c4f7e940fce2a64e",
            "image_id": "ami-05f991c49d264708f",
            "instance_initiated_shutdown_behavior": "",
            "instance_market_options": [],
            "instance_requirements": [],
            "instance_type": "t3.micro",
            "kernel_id": "",
            "key_name": "devops-project",
            "latest_version": 4,
            "license_specification": [],
            "maintenance_options": [],
            "metadata_options": [],
            "monitoring": [],
            "name": "devops-project-owais-react-app-lt-2025061602212622270000000a",
            "name_prefix": "devops-project-owais-react-app-lt-",
            "network_interfaces": [],
            "placement": [],
            "private_dns_name_options": [],
            "ram_disk_id": "",
            "security_group_names": [],
            "tag_specifications": [
              {
                "resource_type": "instance",
                "tags": {
                  "Name": "devops-project-owais-react-app-instance",
                  "Role": "react-app"
                }
              }
            ],
            "tags": {},
            "tags_all": {
              "Environment": "dev",
              "ManagedBy": "Terraform",
              "Project": "devops-project-owais"
            },
            "update_default_version": null,
            "user_data": "IyEvYmluL2Jhc2gKCiMgVXBkYXRlIHNzaGRfY29uZmlnCnNlZCAtaSAncy9eI0FsbG93VGNwRm9yd2FyZGluZyB5ZXMvQWxsb3dUY3BGb3J3YXJkaW5nIHllcy8nIC9ldGMvc3NoL3NzaGRfY29uZmlnCnNlZCAtaSAncy9eI1B1YmtleUF1dGhlbnRpY2F0aW9uIHllcy9QdWJrZXlBdXRoZW50aWNhdGlvbiB5ZXMvJyAvZXRjL3NzaC9zc2hkX2NvbmZpZwpzeXN0ZW1jdGwgcmVzdGFydCBzc2gKCiMgVXBkYXRlIHN5c3RlbQphcHQtZ2V0IHVwZGF0ZSAteQphcHQtZ2V0IHVwZ3JhZGUgLXkKCiMgSW5zdGFsbCBEb2NrZXIKYXB0LWdldCBpbnN0YWxsIC15IGRvY2tlci5pbwpzeXN0ZW1jdGwgc3RhcnQgZG9ja2VyCnN5c3RlbWN0bCBlbmFibGUgZG9ja2VyCnVzZXJtb2QgLWFHIGRvY2tlciB1YnVudHUKCiMgSW5zdGFsbCBOZ2lueAphcHQtZ2V0IGluc3RhbGwgLXkgbmdpbngKc3lzdGVtY3RsIHN0YXJ0IG5naW54CnN5c3RlbWN0bCBlbmFibGUgbmdpbngKCiMgSW5zdGFsbCBHaXQKYXB0LWdldCBpbnN0YWxsIC15IGdpdAoKIyBDcmVhdGUgYXBwbGljYXRpb24gZGlyZWN0b3J5Cm1rZGlyIC1wIC9vcHQvYXBwCmNob3duIHVidW50dTp1YnVudHUgL29wdC9hcHAKCiMgQ2xvbmUgdGhlIFJlYWN0IGFwcCByZXBvc2l0b3J5CmdpdCBjbG9uZSBodHRwczovL2dpdGh1Yi5jb20vS2hoYWZlZXo0Ny9yZWFjdGFwcC5naXQgL29wdC9hcHAvcmVhY3RhcHAKY2QgL29wdC9hcHAvcmVhY3RhcHAKCiMgV3JpdGUgRG9ja2VyZmlsZSBtYW51YWxseQpjYXQgPiAvb3B0L2FwcC9yZWFjdGFwcC9Eb2NrZXJmaWxlLWFwcCA8PCAnRU9GJwojIFN0ZXAgMTogVXNlIHRoZSBvZmZpY2lhbCBOb2RlLmpzIGltYWdlIHRvIGJ1aWxkIGFuZCBydW4gdGhlIFJlYWN0IGFwcC4KIyBUaGlzIGltYWdlIGNvbnRhaW5zIHRoZSBOb2RlLmpzIHJ1bnRpbWUgYW5kIG5wbSwgd2hpY2ggYXJlIHJlcXVpcmVkIGZvcgojIGluc3RhbGxpbmcgZGVwZW5kZW5jaWVzIGFuZCBidWlsZGluZyB0aGUgUmVhY3QgYXBwLgpGUk9NIG5vZGU6MTggQVMgYnVpbGRlcgoKIyBTdGVwIDI6IFNldCB0aGUgd29ya2luZyBkaXJlY3RvcnkgaW5zaWRlIHRoZSBjb250YWluZXIgdG8gL2FwcC4KIyBGaXJzdCwgc3Vic2VxdWVudCBjb21tYW5kcyB3aWxsIGJlIGV4ZWN1dGVkIGluIHRoaXMgZGlyZWN0b3J5LgpXT1JLRElSIC9hcHAKCiMgU3RlcCAzOiBDb3B5IGFsbCBwcm9qZWN0IGZpbGVzIGZyb20gdGhlIGhvc3QgbWFjaGluZSBpbnRvIHRoZSBjb250YWluZXIncyAvYXBwIGRpcmVjdG9yeS4KQ09QWSAuIC4KCiMgU3RlcCA0OiBJbnN0YWxsIGFsbCB0aGUgcHJvamVjdCBkZXBlbmRlbmNpZXMgbGlzdGVkIGluIHBhY2thZ2UuanNvbi4KUlVOIG5wbSBpbnN0YWxsCgojIFN0ZXAgNTogQnVpbGQgdGhlIFJlYWN0IGFwcCBieSBydW5uaW5nICducG0gcnVuIGJ1aWxkJy4KIyBUaGlzIGNvbW1hbmQgd2lsbCBjb21waWxlIHRoZSBSZWFjdCBhcHAgZmlsZXMgKEhUTUwsIENTUywgSmF2YVNjcmlwdCkgaW4gdGhlIC9hcHAvYnVpbGQgZGlyZWN0b3J5LgojIFRoZSBidWlsZCBvdXRwdXQgaXMgbm93IHJlYWR5IHRvIGJlIHNlcnZlZCBieSBhIHdlYiBzZXJ2ZXIuClJVTiBucG0gcnVuIGJ1aWxkCgojIFN0ZXAgNjogVXNlIGEgbGlnaHR3ZWlnaHQgd2ViIHNlcnZlciAobmdpbngpIHRvIHNlcnZlIHRoZSBzdGF0aWMgZmlsZXMgZ2VuZXJhdGVkIGJ5IHRoZSBSZWFjdCBidWlsZC4KIyBOZ2lueCBpcyBhbiBlZmZpY2llbnQgYW5kIGZhc3Qgd2ViIHNlcnZlciBmb3Igc2VydmluZyBzdGF0aWMgY29udGVudCBsaWtlIEhUTUwsIENTUywgYW5kIEphdmFTY3JpcHQuCiMgQnkgdXNpbmcgbmdpbngsIHdlIHN0YXJ0IGEgbmV3IHN0YWdlIGJhc2VkIG9uIHRoZSBOZ2lueCBpbWFnZSwgd2hpY2ggaXMgb3B0aW1pemVkIGZvciBzZXJ2aW5nIHN0YXRpYyBmaWxlcy4KIyBUaGUgTm9kZS5qcyBlbnZpcm9ubWVudCBpcyBubyBsb25nZXIgbmVlZGVkLCBhbmQgaXMgZGlzY2FyZGVkIGluIHRoaXMgc3RhZ2UuCkZST00gbmdpbng6YWxwaW5lCgojIFN0ZXAgNzogQ29weSBvbmx5IHRoZSBidWlsdCBzdGF0aWMgZmlsZXMgKGZyb20gdGhlIC9hcHAvYnVpbGQgZGlyZWN0b3J5KSBpbnRvIHRoZSBuZ2lueCBzZXJ2aW5nIGRpcmVjdG9yeSAoL3Vzci9zaGFyZS9uZ2lueC9odG1sKS4KIyBUaGUgbmdpbnggZGlyZWN0b3J5IGNvbnRhaW5zIHRoZSBidW5kbGVkLCBvcHRpbWl6ZWQgZmlsZXMgdGhhdCB0aGUgUmVhY3QgYXBwIG5lZWRzIGluIG9yZGVyIHRvIHJ1bi4KIyBCeSB1c2luZyB0aGUgQ09QWSAtLWZyb20tYnVpbGRlciwgd2Ugb25seSBjb3B5IHRoZSBmaW5hbCBzdGF0aWMgYXNzZXRzCiMgYW5kIGV4Y2x1ZGUgdGhlIGVudGlyZSBOb2RlLmpzIGVudmlyb25tZW50ICh3aGljaCBpcyB1bm5lY2Vzc2FyeSBmb3Igc2VydmluZyBzdGF0aWMgZmlsZXMpLgojIFRoaXMgc2lnbmlmaWNhbnRseSByZWR1Y2VzIHRoZSBzaXplIG9mIHRoZSBmaW5hbCBpbWFnZSBieSBleGNsdWRpbmcgTm9kZS5qcyBhbmQgbnBtLgpDT1BZIC0tZnJvbT1idWlsZGVyIC9hcHAvYnVpbGQgL3Vzci9zaGFyZS9uZ2lueC9odG1sCgojIFN0ZXAgODogRXhwb3NlIHBvcnQgODAKRVhQT1NFIDgwCgojIFN0ZXAgOTogUnVuIE5naW54IGluIHRoZSBmb3JlZ3JvdW5kIHRvIGtlZXAgdGhlIGNvbnRhaW5lciBhbGl2ZS4KIyBCeSBkZWZhdWx0LCBOZ2lueCBydW5zIGluIHRoZSBiYWNrZ3JvdW5kIChhcyBhIGRhZW1vbiksIGJ1dCBEb2NrZXIgY29udGFpbmVycyBuZWVkIHRoZSBwcm9jZXNzIHRvIHJ1biBpbiB0aGUgZm9yZWdyb3VuZC4KIyBUaGUgImRhZW1vbiBvZmY7IiBjb21tYW5kIHRlbGxzIE5naW54IHRvIHJ1biBpbiB0aGUgZm9yZWdyb3VuZCwgcHJldmVudGluZyBpdCBmcm9tIGV4aXRpbmcgYW5kIGFsbG93aW5nIHRoZSBjb250YWluZXIgdG8gc3RheSBhY3RpdmUuCkNNRCBbIm5naW54IiwgIi1nIiwgImRhZW1vbiBvZmY7Il0KRU9GCgojIEJ1aWxkIHRoZSBSZWFjdCBhcHAgRG9ja2VyIGltYWdlCmRvY2tlciBidWlsZCAtdCByZWFjdC1hcHAgLWYgRG9ja2VyZmlsZS1hcHAgLgoKIyBSdW4gdGhlIFJlYWN0IGFwcCBEb2NrZXIgY29udGFpbmVyLCBtYXBwaW5nIGNvbnRhaW5lciBwb3J0IDgwIHRvIGhvc3QgcG9ydCA4MDgwCmRvY2tlciBydW4gLWQgLXAgODA4MDo4MCAtLW5hbWUgcmVhY3QtYXBwLWNvbnRhaW5lciByZWFjdC1hcHAKCiMgQ29uZmlndXJlIE5naW54IHRvIHJldmVyc2UgcHJveHkgdG8gdGhlIFJlYWN0IGFwcCBjb250YWluZXIKY2F0ID4gL2V0Yy9uZ2lueC9zaXRlcy1hdmFpbGFibGUvcmVhY3RhcHAgPDwgJ0VPRicKc2VydmVyIHsKICAgIGxpc3RlbiA4MDsKICAgIHNlcnZlcl9uYW1lIGFwcC1vd2Fpcy5kZXZvcHM0Mi5vbmxpbmU7CgogICAgbG9jYXRpb24gLyB7CiAgICAgICAgcHJveHlfcGFzcyBodHRwOi8vbG9jYWxob3N0OjgwODA7CiAgICAgICAgcHJveHlfc2V0X2hlYWRlciBIb3N0ICRob3N0OwogICAgICAgIHByb3h5X3NldF9oZWFkZXIgWC1SZWFsLUlQICRyZW1vdGVfYWRkcjsKICAgICAgICBwcm94eV9zZXRfaGVhZGVyIFgtRm9yd2FyZGVkLUZvciAkcHJveHlfYWRkX3hfZm9yd2FyZGVkX2ZvcjsKICAgICAgICBwcm94eV9zZXRfaGVhZGVyIFgtRm9yd2FyZGVkLVByb3RvICRzY2hlbWU7CiAgICB9Cn0KRU9GCgojIEVuYWJsZSBOZ2lueCBzaXRlIGNvbmZpZ3VyYXRpb24KbG4gLXMgL2V0Yy9uZ2lueC9zaXRlcy1hdmFpbGFibGUvcmVhY3RhcHAgL2V0Yy9uZ2lueC9zaXRlcy1lbmFibGVkLwpuZ2lueCAtdCAmJiBzeXN0ZW1jdGwgcmVzdGFydCBuZ2lueAoKIyBMb2cgY29tcGxldGlvbgplY2hvICJ1c2VyYXBwX2RhdGEuc2ggc2NyaXB0IGNvbXBsZXRlZCBhdCAkKGRhdGUpIiA+PiAvdmFyL2xvZy91c2VyLWRhdGEubG9nCg==",
            "vpc_security_group_ids": [
              "sg-0dd5f6088b725e585"
            ]
          },
          "sensitive_attributes": [],
          "private": "bnVsbA==",
          "dependencies": [
            "aws_security_group.alb",
            "aws_security_group.ec2",
            "aws_vpc.main"
          ],
          "create_before_destroy": true
        }
      ]
    },
    {
      "mode": "managed",
      "type": "aws_lb",
      "name": "main",
      "provider": "provider[\"registry.terraform.io/hashicorp/aws\"]",
      "instances": [
        {
          "schema_version": 0,
          "attributes": {
            "access_logs": [
              {
                "bucket": "",
                "enabled": false,
                "prefix": ""
              }
            ],
            "arn": "arn:aws:elasticloadbalancing:us-west-2:032598032877:loadbalancer/app/devops-project-owais-alb/769d90b54da8dd1b",
            "arn_suffix": "app/devops-project-owais-alb/769d90b54da8dd1b",
            "client_keep_alive": 3600,
            "connection_logs": [
              {
                "bucket": "",
                "enabled": false,
                "prefix": ""
              }
            ],
            "customer_owned_ipv4_pool": "",
            "desync_mitigation_mode": "defensive",
            "dns_name": "devops-project-owais-alb-1845062047.us-west-2.elb.amazonaws.com",
            "dns_record_client_routing_policy": null,
            "drop_invalid_header_fields": false,
            "enable_cross_zone_load_balancing": true,
            "enable_deletion_protection": false,
            "enable_http2": true,
            "enable_tls_version_and_cipher_suite_headers": false,
            "enable_waf_fail_open": false,
            "enable_xff_client_port": false,
            "enable_zonal_shift": false,
            "enforce_security_group_inbound_rules_on_private_link_traffic": "",
            "id": "arn:aws:elasticloadbalancing:us-west-2:032598032877:loadbalancer/app/devops-project-owais-alb/769d90b54da8dd1b",
            "idle_timeout": 60,
            "internal": false,
            "ip_address_type": "ipv4",
            "ipam_pools": [],
            "load_balancer_type": "application",
            "minimum_load_balancer_capacity": [],
            "name": "devops-project-owais-alb",
            "name_prefix": "",
            "preserve_host_header": false,
            "security_groups": [
              "sg-0a164246db2774add"
            ],
            "subnet_mapping": [
              {
                "allocation_id": "",
                "ipv6_address": "",
                "outpost_id": "",
                "private_ipv4_address": "",
                "subnet_id": "subnet-0124416bddff6808f"
              },
              {
                "allocation_id": "",
                "ipv6_address": "",
                "outpost_id": "",
                "private_ipv4_address": "",
                "subnet_id": "subnet-03071031540df252e"
              },
              {
                "allocation_id": "",
                "ipv6_address": "",
                "outpost_id": "",
                "private_ipv4_address": "",
                "subnet_id": "subnet-042c962337bcdb5c4"
              },
              {
                "allocation_id": "",
                "ipv6_address": "",
                "outpost_id": "",
                "private_ipv4_address": "",
                "subnet_id": "subnet-0d4d02d7c6ce4007a"
              }
            ],
            "subnets": [
              "subnet-0124416bddff6808f",
              "subnet-03071031540df252e",
              "subnet-042c962337bcdb5c4",
              "subnet-0d4d02d7c6ce4007a"
            ],
            "tags": {
              "Name": "devops-project-owais-alb"
            },
            "tags_all": {
              "Environment": "dev",
              "ManagedBy": "Terraform",
              "Name": "devops-project-owais-alb",
              "Project": "devops-project-owais"
            },
            "timeouts": null,
            "vpc_id": "vpc-09ece0c1e60681e03",
            "xff_header_processing_mode": "append",
            "zone_id": "Z1H1FL5HABSF5"
          },
          "sensitive_attributes": [],
          "private": "eyJlMmJmYjczMC1lY2FhLTExZTYtOGY4OC0zNDM2M2JjN2M0YzAiOnsiY3JlYXRlIjo2MDAwMDAwMDAwMDAsImRlbGV0ZSI6NjAwMDAwMDAwMDAwLCJ1cGRhdGUiOjYwMDAwMDAwMDAwMH19",
          "dependencies": [
            "aws_security_group.alb",
            "aws_subnet.public",
            "aws_vpc.main",
            "data.aws_availability_zones.available"
          ]
        }
      ]
    },
    {
      "mode": "managed",
      "type": "aws_lb_listener",
      "name": "http",
      "provider": "provider[\"registry.terraform.io/hashicorp/aws\"]",
      "instances": [
        {
          "schema_version": 0,
          "attributes": {
            "alpn_policy": null,
            "arn": "arn:aws:elasticloadbalancing:us-west-2:032598032877:listener/app/devops-project-owais-alb/769d90b54da8dd1b/9c9b25d25545977a",
            "certificate_arn": null,
            "default_action": [
              {
                "authenticate_cognito": [],
                "authenticate_oidc": [],
                "fixed_response": [],
                "forward": [],
                "order": 1,
                "redirect": [
                  {
                    "host": "#{host}",
                    "path": "/#{path}",
                    "port": "443",
                    "protocol": "HTTPS",
                    "query": "#{query}",
                    "status_code": "HTTP_301"
                  }
                ],
                "target_group_arn": "",
                "type": "redirect"
              }
            ],
            "id": "arn:aws:elasticloadbalancing:us-west-2:032598032877:listener/app/devops-project-owais-alb/769d90b54da8dd1b/9c9b25d25545977a",
            "load_balancer_arn": "arn:aws:elasticloadbalancing:us-west-2:032598032877:loadbalancer/app/devops-project-owais-alb/769d90b54da8dd1b",
            "mutual_authentication": [],
            "port": 80,
            "protocol": "HTTP",
            "routing_http_request_x_amzn_mtls_clientcert_header_name": null,
            "routing_http_request_x_amzn_mtls_clientcert_issuer_header_name": null,
            "routing_http_request_x_amzn_mtls_clientcert_leaf_header_name": null,
            "routing_http_request_x_amzn_mtls_clientcert_serial_number_header_name": null,
            "routing_http_request_x_amzn_mtls_clientcert_subject_header_name": null,
            "routing_http_request_x_amzn_mtls_clientcert_validity_header_name": null,
            "routing_http_request_x_amzn_tls_cipher_suite_header_name": null,
            "routing_http_request_x_amzn_tls_version_header_name": null,
            "routing_http_response_access_control_allow_credentials_header_value": "",
            "routing_http_response_access_control_allow_headers_header_value": "",
            "routing_http_response_access_control_allow_methods_header_value": "",
            "routing_http_response_access_control_allow_origin_header_value": "",
            "routing_http_response_access_control_expose_headers_header_value": "",
            "routing_http_response_access_control_max_age_header_value": "",
            "routing_http_response_content_security_policy_header_value": "",
            "routing_http_response_server_enabled": true,
            "routing_http_response_strict_transport_security_header_value": "",
            "routing_http_response_x_content_type_options_header_value": "",
            "routing_http_response_x_frame_options_header_value": "",
            "ssl_policy": "",
            "tags": {},
            "tags_all": {
              "Environment": "dev",
              "ManagedBy": "Terraform",
              "Project": "devops-project-owais"
            },
            "tcp_idle_timeout_seconds": null,
            "timeouts": null
          },
          "sensitive_attributes": [],
          "private": "eyJlMmJmYjczMC1lY2FhLTExZTYtOGY4OC0zNDM2M2JjN2M0YzAiOnsiY3JlYXRlIjozMDAwMDAwMDAwMDAsInVwZGF0ZSI6MzAwMDAwMDAwMDAwfX0=",
          "dependencies": [
            "aws_lb.main",
            "aws_security_group.alb",
            "aws_subnet.public",
            "aws_vpc.main",
            "data.aws_availability_zones.available"
          ]
        }
      ]
    },
    {
      "mode": "managed",
      "type": "aws_lb_listener",
      "name": "https",
      "provider": "provider[\"registry.terraform.io/hashicorp/aws\"]",
      "instances": [
        {
          "schema_version": 0,
          "attributes": {
            "alpn_policy": null,
            "arn": "arn:aws:elasticloadbalancing:us-west-2:032598032877:listener/app/devops-project-owais-alb/769d90b54da8dd1b/600185bab0fc5338",
            "certificate_arn": "arn:aws:acm:us-west-2:032598032877:certificate/5afc9254-c734-41c9-ab09-ca10b1a1374e",
            "default_action": [
              {
                "authenticate_cognito": [],
                "authenticate_oidc": [],
                "fixed_response": [
                  {
                    "content_type": "text/plain",
                    "message_body": "404 Not Found",
                    "status_code": "404"
                  }
                ],
                "forward": [],
                "order": 1,
                "redirect": [],
                "target_group_arn": "",
                "type": "fixed-response"
              }
            ],
            "id": "arn:aws:elasticloadbalancing:us-west-2:032598032877:listener/app/devops-project-owais-alb/769d90b54da8dd1b/600185bab0fc5338",
            "load_balancer_arn": "arn:aws:elasticloadbalancing:us-west-2:032598032877:loadbalancer/app/devops-project-owais-alb/769d90b54da8dd1b",
            "mutual_authentication": [
              {
                "advertise_trust_store_ca_names": "",
                "ignore_client_certificate_expiry": false,
                "mode": "off",
                "trust_store_arn": ""
              }
            ],
            "port": 443,
            "protocol": "HTTPS",
            "routing_http_request_x_amzn_mtls_clientcert_header_name": "",
            "routing_http_request_x_amzn_mtls_clientcert_issuer_header_name": "",
            "routing_http_request_x_amzn_mtls_clientcert_leaf_header_name": "",
            "routing_http_request_x_amzn_mtls_clientcert_serial_number_header_name": "",
            "routing_http_request_x_amzn_mtls_clientcert_subject_header_name": "",
            "routing_http_request_x_amzn_mtls_clientcert_validity_header_name": "",
            "routing_http_request_x_amzn_tls_cipher_suite_header_name": "",
            "routing_http_request_x_amzn_tls_version_header_name": "",
            "routing_http_response_access_control_allow_credentials_header_value": "",
            "routing_http_response_access_control_allow_headers_header_value": "",
            "routing_http_response_access_control_allow_methods_header_value": "",
            "routing_http_response_access_control_allow_origin_header_value": "",
            "routing_http_response_access_control_expose_headers_header_value": "",
            "routing_http_response_access_control_max_age_header_value": "",
            "routing_http_response_content_security_policy_header_value": "",
            "routing_http_response_server_enabled": true,
            "routing_http_response_strict_transport_security_header_value": "",
            "routing_http_response_x_content_type_options_header_value": "",
            "routing_http_response_x_frame_options_header_value": "",
            "ssl_policy": "ELBSecurityPolicy-TLS-1-2-2017-01",
            "tags": {},
            "tags_all": {
              "Environment": "dev",
              "ManagedBy": "Terraform",
              "Project": "devops-project-owais"
            },
            "tcp_idle_timeout_seconds": null,
            "timeouts": null
          },
          "sensitive_attributes": [],
          "private": "eyJlMmJmYjczMC1lY2FhLTExZTYtOGY4OC0zNDM2M2JjN2M0YzAiOnsiY3JlYXRlIjozMDAwMDAwMDAwMDAsInVwZGF0ZSI6MzAwMDAwMDAwMDAwfX0=",
          "dependencies": [
            "aws_acm_certificate.main",
            "aws_acm_certificate_validation.main",
            "aws_lb.main",
            "aws_route53_record.cert_validation",
            "aws_security_group.alb",
            "aws_subnet.public",
            "aws_vpc.main",
            "data.aws_availability_zones.available",
            "data.aws_route53_zone.main"
          ]
        }
      ]
    },
    {
      "mode": "managed",
      "type": "aws_lb_listener_rule",
      "name": "bi_https",
      "provider": "provider[\"registry.terraform.io/hashicorp/aws\"]",
      "instances": [
        {
          "schema_version": 0,
          "attributes": {
            "action": [
              {
                "authenticate_cognito": [],
                "authenticate_oidc": [],
                "fixed_response": [],
                "forward": [],
                "order": 1,
                "redirect": [],
                "target_group_arn": "arn:aws:elasticloadbalancing:us-west-2:032598032877:targetgroup/bi-tool-tg/aa965709705a8014",
                "type": "forward"
              }
            ],
            "arn": "arn:aws:elasticloadbalancing:us-west-2:032598032877:listener-rule/app/devops-project-owais-alb/769d90b54da8dd1b/600185bab0fc5338/0fa16e3250cf257f",
            "condition": [
              {
                "host_header": [
                  {
                    "values": [
                      "bi-owais.devops42.online"
                    ]
                  }
                ],
                "http_header": [],
                "http_request_method": [],
                "path_pattern": [],
                "query_string": [],
                "source_ip": []
              }
            ],
            "id": "arn:aws:elasticloadbalancing:us-west-2:032598032877:listener-rule/app/devops-project-owais-alb/769d90b54da8dd1b/600185bab0fc5338/0fa16e3250cf257f",
            "listener_arn": "arn:aws:elasticloadbalancing:us-west-2:032598032877:listener/app/devops-project-owais-alb/769d90b54da8dd1b/600185bab0fc5338",
            "priority": 200,
            "tags": {},
            "tags_all": {
              "Environment": "dev",
              "ManagedBy": "Terraform",
              "Project": "devops-project-owais"
            }
          },
          "sensitive_attributes": [],
          "private": "bnVsbA==",
          "dependencies": [
            "aws_acm_certificate.main",
            "aws_acm_certificate_validation.main",
            "aws_lb.main",
            "aws_lb_listener.https",
            "aws_lb_target_group.bi_tool_tg",
            "aws_route53_record.cert_validation",
            "aws_security_group.alb",
            "aws_subnet.public",
            "aws_vpc.main",
            "data.aws_availability_zones.available",
            "data.aws_route53_zone.main"
          ]
        }
      ]
    },
    {
      "mode": "managed",
      "type": "aws_lb_listener_rule",
      "name": "react_https",
      "provider": "provider[\"registry.terraform.io/hashicorp/aws\"]",
      "instances": [
        {
          "schema_version": 0,
          "attributes": {
            "action": [
              {
                "authenticate_cognito": [],
                "authenticate_oidc": [],
                "fixed_response": [],
                "forward": [],
                "order": 1,
                "redirect": [],
                "target_group_arn": "arn:aws:elasticloadbalancing:us-west-2:032598032877:targetgroup/react-app-tg/bb72a240df2bcac2",
                "type": "forward"
              }
            ],
            "arn": "arn:aws:elasticloadbalancing:us-west-2:032598032877:listener-rule/app/devops-project-owais-alb/769d90b54da8dd1b/600185bab0fc5338/d94703a7caf2a5c9",
            "condition": [
              {
                "host_header": [
                  {
                    "values": [
                      "app-owais.devops42.online"
                    ]
                  }
                ],
                "http_header": [],
                "http_request_method": [],
                "path_pattern": [],
                "query_string": [],
                "source_ip": []
              }
            ],
            "id": "arn:aws:elasticloadbalancing:us-west-2:032598032877:listener-rule/app/devops-project-owais-alb/769d90b54da8dd1b/600185bab0fc5338/d94703a7caf2a5c9",
            "listener_arn": "arn:aws:elasticloadbalancing:us-west-2:032598032877:listener/app/devops-project-owais-alb/769d90b54da8dd1b/600185bab0fc5338",
            "priority": 100,
            "tags": {},
            "tags_all": {
              "Environment": "dev",
              "ManagedBy": "Terraform",
              "Project": "devops-project-owais"
            }
          },
          "sensitive_attributes": [],
          "private": "bnVsbA==",
          "dependencies": [
            "aws_acm_certificate.main",
            "aws_acm_certificate_validation.main",
            "aws_lb.main",
            "aws_lb_listener.https",
            "aws_lb_target_group.react_app_tg",
            "aws_route53_record.cert_validation",
            "aws_security_group.alb",
            "aws_subnet.public",
            "aws_vpc.main",
            "data.aws_availability_zones.available",
            "data.aws_route53_zone.main"
          ]
        }
      ]
    },
    {
      "mode": "managed",
      "type": "aws_lb_target_group",
      "name": "bi_tool_tg",
      "provider": "provider[\"registry.terraform.io/hashicorp/aws\"]",
      "instances": [
        {
          "schema_version": 0,
          "attributes": {
            "arn": "arn:aws:elasticloadbalancing:us-west-2:032598032877:targetgroup/bi-tool-tg/aa965709705a8014",
            "arn_suffix": "targetgroup/bi-tool-tg/aa965709705a8014",
            "connection_termination": null,
            "deregistration_delay": "300",
            "health_check": [
              {
                "enabled": true,
                "healthy_threshold": 2,
                "interval": 30,
                "matcher": "200",
                "path": "/",
                "port": "traffic-port",
                "protocol": "HTTP",
                "timeout": 5,
                "unhealthy_threshold": 2
              }
            ],
            "id": "arn:aws:elasticloadbalancing:us-west-2:032598032877:targetgroup/bi-tool-tg/aa965709705a8014",
            "ip_address_type": "ipv4",
            "lambda_multi_value_headers_enabled": false,
            "load_balancer_arns": [
              "arn:aws:elasticloadbalancing:us-west-2:032598032877:loadbalancer/app/devops-project-owais-alb/769d90b54da8dd1b"
            ],
            "load_balancing_algorithm_type": "round_robin",
            "load_balancing_anomaly_mitigation": "off",
            "load_balancing_cross_zone_enabled": "use_load_balancer_configuration",
            "name": "bi-tool-tg",
            "name_prefix": "",
            "port": 80,
            "preserve_client_ip": null,
            "protocol": "HTTP",
            "protocol_version": "HTTP1",
            "proxy_protocol_v2": false,
            "slow_start": 0,
            "stickiness": [
              {
                "cookie_duration": 86400,
                "cookie_name": "",
                "enabled": false,
                "type": "lb_cookie"
              }
            ],
            "tags": {
              "Name": "bi-tool-target-group"
            },
            "tags_all": {
              "Environment": "dev",
              "ManagedBy": "Terraform",
              "Name": "bi-tool-target-group",
              "Project": "devops-project-owais"
            },
            "target_failover": [
              {
                "on_deregistration": null,
                "on_unhealthy": null
              }
            ],
            "target_group_health": [
              {
                "dns_failover": [
                  {
                    "minimum_healthy_targets_count": "1",
                    "minimum_healthy_targets_percentage": "off"
                  }
                ],
                "unhealthy_state_routing": [
                  {
                    "minimum_healthy_targets_count": 1,
                    "minimum_healthy_targets_percentage": "off"
                  }
                ]
              }
            ],
            "target_health_state": [
              {
                "enable_unhealthy_connection_termination": null,
                "unhealthy_draining_interval": null
              }
            ],
            "target_type": "instance",
            "vpc_id": "vpc-09ece0c1e60681e03"
          },
          "sensitive_attributes": [],
          "private": "bnVsbA==",
          "dependencies": [
            "aws_vpc.main"
          ],
          "create_before_destroy": true
        }
      ]
    },
    {
      "mode": "managed",
      "type": "aws_lb_target_group",
      "name": "react_app_tg",
      "provider": "provider[\"registry.terraform.io/hashicorp/aws\"]",
      "instances": [
        {
          "schema_version": 0,
          "attributes": {
            "arn": "arn:aws:elasticloadbalancing:us-west-2:032598032877:targetgroup/react-app-tg/bb72a240df2bcac2",
            "arn_suffix": "targetgroup/react-app-tg/bb72a240df2bcac2",
            "connection_termination": null,
            "deregistration_delay": "300",
            "health_check": [
              {
                "enabled": true,
                "healthy_threshold": 2,
                "interval": 30,
                "matcher": "200",
                "path": "/",
                "port": "traffic-port",
                "protocol": "HTTP",
                "timeout": 5,
                "unhealthy_threshold": 2
              }
            ],
            "id": "arn:aws:elasticloadbalancing:us-west-2:032598032877:targetgroup/react-app-tg/bb72a240df2bcac2",
            "ip_address_type": "ipv4",
            "lambda_multi_value_headers_enabled": false,
            "load_balancer_arns": [
              "arn:aws:elasticloadbalancing:us-west-2:032598032877:loadbalancer/app/devops-project-owais-alb/769d90b54da8dd1b"
            ],
            "load_balancing_algorithm_type": "round_robin",
            "load_balancing_anomaly_mitigation": "off",
            "load_balancing_cross_zone_enabled": "use_load_balancer_configuration",
            "name": "react-app-tg",
            "name_prefix": "",
            "port": 80,
            "preserve_client_ip": null,
            "protocol": "HTTP",
            "protocol_version": "HTTP1",
            "proxy_protocol_v2": false,
            "slow_start": 0,
            "stickiness": [
              {
                "cookie_duration": 86400,
                "cookie_name": "",
                "enabled": false,
                "type": "lb_cookie"
              }
            ],
            "tags": {
              "Name": "react-app-target-group"
            },
            "tags_all": {
              "Environment": "dev",
              "ManagedBy": "Terraform",
              "Name": "react-app-target-group",
              "Project": "devops-project-owais"
            },
            "target_failover": [
              {
                "on_deregistration": null,
                "on_unhealthy": null
              }
            ],
            "target_group_health": [
              {
                "dns_failover": [
                  {
                    "minimum_healthy_targets_count": "1",
                    "minimum_healthy_targets_percentage": "off"
                  }
                ],
                "unhealthy_state_routing": [
                  {
                    "minimum_healthy_targets_count": 1,
                    "minimum_healthy_targets_percentage": "off"
                  }
                ]
              }
            ],
            "target_health_state": [
              {
                "enable_unhealthy_connection_termination": null,
                "unhealthy_draining_interval": null
              }
            ],
            "target_type": "instance",
            "vpc_id": "vpc-09ece0c1e60681e03"
          },
          "sensitive_attributes": [],
          "private": "bnVsbA==",
          "dependencies": [
            "aws_vpc.main"
          ],
          "create_before_destroy": true
        }
      ]
    },
    {
      "mode": "managed",
      "type": "aws_route53_record",
      "name": "app",
      "provider": "provider[\"registry.terraform.io/hashicorp/aws\"]",
      "instances": [
        {
          "schema_version": 2,
          "attributes": {
            "alias": [
              {
                "evaluate_target_health": true,
                "name": "devops-project-owais-alb-1845062047.us-west-2.elb.amazonaws.com",
                "zone_id": "Z1H1FL5HABSF5"
              }
            ],
            "allow_overwrite": null,
            "cidr_routing_policy": [],
            "failover_routing_policy": [],
            "fqdn": "haseeb-app.devops42.online",
            "geolocation_routing_policy": [],
            "geoproximity_routing_policy": [],
            "health_check_id": "",
            "id": "Z0119957311W2KYKJ50SY_haseeb-app.devops42.online_A",
            "latency_routing_policy": [],
            "multivalue_answer_routing_policy": false,
            "name": "haseeb-app.devops42.online",
            "records": [],
            "set_identifier": "",
            "timeouts": null,
            "ttl": 0,
            "type": "A",
            "weighted_routing_policy": [],
            "zone_id": "Z0119957311W2KYKJ50SY"
          },
          "sensitive_attributes": [],
          "private": "eyJlMmJmYjczMC1lY2FhLTExZTYtOGY4OC0zNDM2M2JjN2M0YzAiOnsiY3JlYXRlIjoxODAwMDAwMDAwMDAwLCJkZWxldGUiOjE4MDAwMDAwMDAwMDAsInVwZGF0ZSI6MTgwMDAwMDAwMDAwMH0sInNjaGVtYV92ZXJzaW9uIjoiMiJ9",
          "dependencies": [
            "aws_lb.main",
            "aws_security_group.alb",
            "aws_subnet.public",
            "aws_vpc.main",
            "data.aws_availability_zones.available",
            "data.aws_route53_zone.main"
          ]
        }
      ]
    },
    {
      "mode": "managed",
      "type": "aws_route53_record",
      "name": "bi",
      "provider": "provider[\"registry.terraform.io/hashicorp/aws\"]",
      "instances": [
        {
          "schema_version": 2,
          "attributes": {
            "alias": [
              {
                "evaluate_target_health": true,
                "name": "devops-project-owais-alb-1845062047.us-west-2.elb.amazonaws.com",
                "zone_id": "Z1H1FL5HABSF5"
              }
            ],
            "allow_overwrite": null,
            "cidr_routing_policy": [],
            "failover_routing_policy": [],
            "fqdn": "haseeb-bi.devops42.online",
            "geolocation_routing_policy": [],
            "geoproximity_routing_policy": [],
            "health_check_id": "",
            "id": "Z0119957311W2KYKJ50SY_haseeb-bi.devops42.online_A",
            "latency_routing_policy": [],
            "multivalue_answer_routing_policy": false,
            "name": "haseeb-bi.devops42.online",
            "records": [],
            "set_identifier": "",
            "timeouts": null,
            "ttl": 0,
            "type": "A",
            "weighted_routing_policy": [],
            "zone_id": "Z0119957311W2KYKJ50SY"
          },
          "sensitive_attributes": [],
          "private": "eyJlMmJmYjczMC1lY2FhLTExZTYtOGY4OC0zNDM2M2JjN2M0YzAiOnsiY3JlYXRlIjoxODAwMDAwMDAwMDAwLCJkZWxldGUiOjE4MDAwMDAwMDAwMDAsInVwZGF0ZSI6MTgwMDAwMDAwMDAwMH0sInNjaGVtYV92ZXJzaW9uIjoiMiJ9",
          "dependencies": [
            "aws_lb.main",
            "aws_security_group.alb",
            "aws_subnet.public",
            "aws_vpc.main",
            "data.aws_availability_zones.available",
            "data.aws_route53_zone.main"
          ]
        }
      ]
    },
    {
      "mode": "managed",
      "type": "aws_route53_record",
      "name": "cert_validation",
      "provider": "provider[\"registry.terraform.io/hashicorp/aws\"]",
      "instances": [
        {
          "schema_version": 2,
          "attributes": {
            "alias": [],
            "allow_overwrite": true,
            "cidr_routing_policy": [],
            "failover_routing_policy": [],
            "fqdn": "_cb74cc92d564575ac3212204d5f19255.devops42.online",
            "geolocation_routing_policy": [],
            "geoproximity_routing_policy": [],
            "health_check_id": "",
            "id": "Z0119957311W2KYKJ50SY__cb74cc92d564575ac3212204d5f19255.devops42.online._CNAME",
            "latency_routing_policy": [],
            "multivalue_answer_routing_policy": false,
            "name": "_cb74cc92d564575ac3212204d5f19255.devops42.online",
            "records": [
              "_5bda07b3b20a39f2571c2447526508b0.xlfgrmvvlj.acm-validations.aws."
            ],
            "set_identifier": "",
            "timeouts": null,
            "ttl": 60,
            "type": "CNAME",
            "weighted_routing_policy": [],
            "zone_id": "Z0119957311W2KYKJ50SY"
          },
          "sensitive_attributes": [],
          "private": "eyJlMmJmYjczMC1lY2FhLTExZTYtOGY4OC0zNDM2M2JjN2M0YzAiOnsiY3JlYXRlIjoxODAwMDAwMDAwMDAwLCJkZWxldGUiOjE4MDAwMDAwMDAwMDAsInVwZGF0ZSI6MTgwMDAwMDAwMDAwMH0sInNjaGVtYV92ZXJzaW9uIjoiMiJ9",
          "dependencies": [
            "aws_acm_certificate.main",
            "data.aws_route53_zone.main"
          ]
        }
      ]
    },
    {
      "mode": "managed",
      "type": "aws_route_table",
      "name": "private",
      "provider": "provider[\"registry.terraform.io/hashicorp/aws\"]",
      "instances": [
        {
          "schema_version": 0,
          "attributes": {
            "arn": "arn:aws:ec2:us-west-2:032598032877:route-table/rtb-094cbf3279f255ff9",
            "id": "rtb-094cbf3279f255ff9",
            "owner_id": "032598032877",
            "propagating_vgws": [],
            "route": [],
            "tags": {
              "Name": "devops-project-owais-private-rt"
            },
            "tags_all": {
              "Environment": "dev",
              "ManagedBy": "Terraform",
              "Name": "devops-project-owais-private-rt",
              "Project": "devops-project-owais"
            },
            "timeouts": null,
            "vpc_id": "vpc-09ece0c1e60681e03"
          },
          "sensitive_attributes": [],
          "private": "eyJlMmJmYjczMC1lY2FhLTExZTYtOGY4OC0zNDM2M2JjN2M0YzAiOnsiY3JlYXRlIjozMDAwMDAwMDAwMDAsImRlbGV0ZSI6MzAwMDAwMDAwMDAwLCJ1cGRhdGUiOjEyMDAwMDAwMDAwMH19",
          "dependencies": [
            "aws_vpc.main"
          ]
        }
      ]
    },
    {
      "mode": "managed",
      "type": "aws_route_table",
      "name": "public",
      "provider": "provider[\"registry.terraform.io/hashicorp/aws\"]",
      "instances": [
        {
          "schema_version": 0,
          "attributes": {
            "arn": "arn:aws:ec2:us-west-2:032598032877:route-table/rtb-08cef1dfe8f368ca8",
            "id": "rtb-08cef1dfe8f368ca8",
            "owner_id": "032598032877",
            "propagating_vgws": [],
            "route": [
              {
                "carrier_gateway_id": "",
                "cidr_block": "0.0.0.0/0",
                "core_network_arn": "",
                "destination_prefix_list_id": "",
                "egress_only_gateway_id": "",
                "gateway_id": "igw-068e0620e60d4dc4f",
                "ipv6_cidr_block": "",
                "local_gateway_id": "",
                "nat_gateway_id": "",
                "network_interface_id": "",
                "transit_gateway_id": "",
                "vpc_endpoint_id": "",
                "vpc_peering_connection_id": ""
              }
            ],
            "tags": {
              "Name": "devops-project-owais-public-rt"
            },
            "tags_all": {
              "Environment": "dev",
              "ManagedBy": "Terraform",
              "Name": "devops-project-owais-public-rt",
              "Project": "devops-project-owais"
            },
            "timeouts": null,
            "vpc_id": "vpc-09ece0c1e60681e03"
          },
          "sensitive_attributes": [],
          "private": "eyJlMmJmYjczMC1lY2FhLTExZTYtOGY4OC0zNDM2M2JjN2M0YzAiOnsiY3JlYXRlIjozMDAwMDAwMDAwMDAsImRlbGV0ZSI6MzAwMDAwMDAwMDAwLCJ1cGRhdGUiOjEyMDAwMDAwMDAwMH19",
          "dependencies": [
            "aws_internet_gateway.main",
            "aws_vpc.main"
          ]
        }
      ]
    },
    {
      "mode": "managed",
      "type": "aws_route_table_association",
      "name": "private",
      "provider": "provider[\"registry.terraform.io/hashicorp/aws\"]",
      "instances": [
        {
          "index_key": 0,
          "schema_version": 0,
          "attributes": {
            "gateway_id": "",
            "id": "rtbassoc-013f57095a35e555d",
            "route_table_id": "rtb-094cbf3279f255ff9",
            "subnet_id": "subnet-0e49c429d18ea26e2",
            "timeouts": null
          },
          "sensitive_attributes": [],
          "private": "eyJlMmJmYjczMC1lY2FhLTExZTYtOGY4OC0zNDM2M2JjN2M0YzAiOnsiY3JlYXRlIjozMDAwMDAwMDAwMDAsImRlbGV0ZSI6MzAwMDAwMDAwMDAwLCJ1cGRhdGUiOjEyMDAwMDAwMDAwMH19",
          "dependencies": [
            "aws_route_table.private",
            "aws_subnet.private",
            "aws_vpc.main",
            "data.aws_availability_zones.available"
          ]
        },
        {
          "index_key": 1,
          "schema_version": 0,
          "attributes": {
            "gateway_id": "",
            "id": "rtbassoc-005d5c36026b1a10c",
            "route_table_id": "rtb-094cbf3279f255ff9",
            "subnet_id": "subnet-07f560c9551a2373b",
            "timeouts": null
          },
          "sensitive_attributes": [],
          "private": "eyJlMmJmYjczMC1lY2FhLTExZTYtOGY4OC0zNDM2M2JjN2M0YzAiOnsiY3JlYXRlIjozMDAwMDAwMDAwMDAsImRlbGV0ZSI6MzAwMDAwMDAwMDAwLCJ1cGRhdGUiOjEyMDAwMDAwMDAwMH19",
          "dependencies": [
            "aws_route_table.private",
            "aws_subnet.private",
            "aws_vpc.main",
            "data.aws_availability_zones.available"
          ]
        }
      ]
    },
    {
      "mode": "managed",
      "type": "aws_route_table_association",
      "name": "public",
      "provider": "provider[\"registry.terraform.io/hashicorp/aws\"]",
      "instances": [
        {
          "index_key": 0,
          "schema_version": 0,
          "attributes": {
            "gateway_id": "",
            "id": "rtbassoc-0b6b6c99c641108b8",
            "route_table_id": "rtb-08cef1dfe8f368ca8",
            "subnet_id": "subnet-0124416bddff6808f",
            "timeouts": null
          },
          "sensitive_attributes": [],
          "private": "eyJlMmJmYjczMC1lY2FhLTExZTYtOGY4OC0zNDM2M2JjN2M0YzAiOnsiY3JlYXRlIjozMDAwMDAwMDAwMDAsImRlbGV0ZSI6MzAwMDAwMDAwMDAwLCJ1cGRhdGUiOjEyMDAwMDAwMDAwMH19",
          "dependencies": [
            "aws_internet_gateway.main",
            "aws_route_table.public",
            "aws_subnet.public",
            "aws_vpc.main",
            "data.aws_availability_zones.available"
          ]
        },
        {
          "index_key": 1,
          "schema_version": 0,
          "attributes": {
            "gateway_id": "",
            "id": "rtbassoc-08d883cef75f079ee",
            "route_table_id": "rtb-08cef1dfe8f368ca8",
            "subnet_id": "subnet-042c962337bcdb5c4",
            "timeouts": null
          },
          "sensitive_attributes": [],
          "private": "eyJlMmJmYjczMC1lY2FhLTExZTYtOGY4OC0zNDM2M2JjN2M0YzAiOnsiY3JlYXRlIjozMDAwMDAwMDAwMDAsImRlbGV0ZSI6MzAwMDAwMDAwMDAwLCJ1cGRhdGUiOjEyMDAwMDAwMDAwMH19",
          "dependencies": [
            "aws_internet_gateway.main",
            "aws_route_table.public",
            "aws_subnet.public",
            "aws_vpc.main",
            "data.aws_availability_zones.available"
          ]
        },
        {
          "index_key": 2,
          "schema_version": 0,
          "attributes": {
            "gateway_id": "",
            "id": "rtbassoc-0ebadb5bda2cb7369",
            "route_table_id": "rtb-08cef1dfe8f368ca8",
            "subnet_id": "subnet-03071031540df252e",
            "timeouts": null
          },
          "sensitive_attributes": [],
          "private": "eyJlMmJmYjczMC1lY2FhLTExZTYtOGY4OC0zNDM2M2JjN2M0YzAiOnsiY3JlYXRlIjozMDAwMDAwMDAwMDAsImRlbGV0ZSI6MzAwMDAwMDAwMDAwLCJ1cGRhdGUiOjEyMDAwMDAwMDAwMH19",
          "dependencies": [
            "aws_internet_gateway.main",
            "aws_route_table.public",
            "aws_subnet.public",
            "aws_vpc.main",
            "data.aws_availability_zones.available"
          ]
        },
        {
          "index_key": 3,
          "schema_version": 0,
          "attributes": {
            "gateway_id": "",
            "id": "rtbassoc-04503f8e2b7881c71",
            "route_table_id": "rtb-08cef1dfe8f368ca8",
            "subnet_id": "subnet-0d4d02d7c6ce4007a",
            "timeouts": null
          },
          "sensitive_attributes": [],
          "private": "eyJlMmJmYjczMC1lY2FhLTExZTYtOGY4OC0zNDM2M2JjN2M0YzAiOnsiY3JlYXRlIjozMDAwMDAwMDAwMDAsImRlbGV0ZSI6MzAwMDAwMDAwMDAwLCJ1cGRhdGUiOjEyMDAwMDAwMDAwMH19",
          "dependencies": [
            "aws_internet_gateway.main",
            "aws_route_table.public",
            "aws_subnet.public",
            "aws_vpc.main",
            "data.aws_availability_zones.available"
          ]
        }
      ]
    },
    {
      "mode": "managed",
      "type": "aws_security_group",
      "name": "alb",
      "provider": "provider[\"registry.terraform.io/hashicorp/aws\"]",
      "instances": [
        {
          "schema_version": 1,
          "attributes": {
            "arn": "arn:aws:ec2:us-west-2:032598032877:security-group/sg-0a164246db2774add",
            "description": "Managed by Terraform",
            "egress": [
              {
                "cidr_blocks": [
                  "0.0.0.0/0"
                ],
                "description": "",
                "from_port": 0,
                "ipv6_cidr_blocks": [],
                "prefix_list_ids": [],
                "protocol": "-1",
                "security_groups": [],
                "self": false,
                "to_port": 0
              }
            ],
            "id": "sg-0a164246db2774add",
            "ingress": [
              {
                "cidr_blocks": [
                  "0.0.0.0/0"
                ],
                "description": "HTTP",
                "from_port": 80,
                "ipv6_cidr_blocks": [],
                "prefix_list_ids": [],
                "protocol": "tcp",
                "security_groups": [],
                "self": false,
                "to_port": 80
              },
              {
                "cidr_blocks": [
                  "0.0.0.0/0"
                ],
                "description": "HTTPS",
                "from_port": 443,
                "ipv6_cidr_blocks": [],
                "prefix_list_ids": [],
                "protocol": "tcp",
                "security_groups": [],
                "self": false,
                "to_port": 443
              }
            ],
            "name": "devops-project-owais-alb-20250616022113391200000003",
            "name_prefix": "devops-project-owais-alb-",
            "owner_id": "032598032877",
            "revoke_rules_on_delete": false,
            "tags": {
              "Name": "devops-project-owais-alb-sg"
            },
            "tags_all": {
              "Environment": "dev",
              "ManagedBy": "Terraform",
              "Name": "devops-project-owais-alb-sg",
              "Project": "devops-project-owais"
            },
            "timeouts": null,
            "vpc_id": "vpc-09ece0c1e60681e03"
          },
          "sensitive_attributes": [],
          "private": "eyJlMmJmYjczMC1lY2FhLTExZTYtOGY4OC0zNDM2M2JjN2M0YzAiOnsiY3JlYXRlIjo2MDAwMDAwMDAwMDAsImRlbGV0ZSI6OTAwMDAwMDAwMDAwfSwic2NoZW1hX3ZlcnNpb24iOiIxIn0=",
          "dependencies": [
            "aws_vpc.main"
          ],
          "create_before_destroy": true
        }
      ]
    },
    {
      "mode": "managed",
      "type": "aws_security_group",
      "name": "ec2",
      "provider": "provider[\"registry.terraform.io/hashicorp/aws\"]",
      "instances": [
        {
          "schema_version": 1,
          "attributes": {
            "arn": "arn:aws:ec2:us-west-2:032598032877:security-group/sg-0dd5f6088b725e585",
            "description": "Managed by Terraform",
            "egress": [
              {
                "cidr_blocks": [
                  "0.0.0.0/0"
                ],
                "description": "",
                "from_port": 0,
                "ipv6_cidr_blocks": [],
                "prefix_list_ids": [],
                "protocol": "-1",
                "security_groups": [],
                "self": false,
                "to_port": 0
              }
            ],
            "id": "sg-0dd5f6088b725e585",
            "ingress": [
              {
                "cidr_blocks": [
                  "0.0.0.0/0"
                ],
                "description": "SSH",
                "from_port": 22,
                "ipv6_cidr_blocks": [],
                "prefix_list_ids": [],
                "protocol": "tcp",
                "security_groups": [],
                "self": false,
                "to_port": 22
              },
              {
                "cidr_blocks": [],
                "description": "HTTP from ALB",
                "from_port": 80,
                "ipv6_cidr_blocks": [],
                "prefix_list_ids": [],
                "protocol": "tcp",
                "security_groups": [
                  "sg-0a164246db2774add"
                ],
                "self": false,
                "to_port": 80
              }
            ],
            "name": "devops-project-owais-ec2-20250616022120339200000005",
            "name_prefix": "devops-project-owais-ec2-",
            "owner_id": "032598032877",
            "revoke_rules_on_delete": false,
            "tags": {
              "Name": "devops-project-owais-ec2-sg"
            },
            "tags_all": {
              "Environment": "dev",
              "ManagedBy": "Terraform",
              "Name": "devops-project-owais-ec2-sg",
              "Project": "devops-project-owais"
            },
            "timeouts": null,
            "vpc_id": "vpc-09ece0c1e60681e03"
          },
          "sensitive_attributes": [],
          "private": "eyJlMmJmYjczMC1lY2FhLTExZTYtOGY4OC0zNDM2M2JjN2M0YzAiOnsiY3JlYXRlIjo2MDAwMDAwMDAwMDAsImRlbGV0ZSI6OTAwMDAwMDAwMDAwfSwic2NoZW1hX3ZlcnNpb24iOiIxIn0=",
          "dependencies": [
            "aws_security_group.alb",
            "aws_vpc.main"
          ],
          "create_before_destroy": true
        }
      ]
    },
    {
      "mode": "managed",
      "type": "aws_security_group",
      "name": "rds_mysql",
      "provider": "provider[\"registry.terraform.io/hashicorp/aws\"]",
      "instances": [
        {
          "schema_version": 1,
          "attributes": {
            "arn": "arn:aws:ec2:us-west-2:032598032877:security-group/sg-0982a7a15a335253b",
            "description": "Managed by Terraform",
            "egress": [
              {
                "cidr_blocks": [
                  "0.0.0.0/0"
                ],
                "description": "",
                "from_port": 0,
                "ipv6_cidr_blocks": [],
                "prefix_list_ids": [],
                "protocol": "-1",
                "security_groups": [],
                "self": false,
                "to_port": 0
              }
            ],
            "id": "sg-0982a7a15a335253b",
            "ingress": [
              {
                "cidr_blocks": [],
                "description": "MySQL from EC2",
                "from_port": 3306,
                "ipv6_cidr_blocks": [],
                "prefix_list_ids": [],
                "protocol": "tcp",
                "security_groups": [
                  "sg-0dd5f6088b725e585"
                ],
                "self": false,
                "to_port": 3306
              }
            ],
            "name": "devops-project-owais-rds-mysql-20250616022126211600000006",
            "name_prefix": "devops-project-owais-rds-mysql-",
            "owner_id": "032598032877",
            "revoke_rules_on_delete": false,
            "tags": {
              "Name": "devops-project-owais-rds-mysql-sg"
            },
            "tags_all": {
              "Environment": "dev",
              "ManagedBy": "Terraform",
              "Name": "devops-project-owais-rds-mysql-sg",
              "Project": "devops-project-owais"
            },
            "timeouts": null,
            "vpc_id": "vpc-09ece0c1e60681e03"
          },
          "sensitive_attributes": [],
          "private": "eyJlMmJmYjczMC1lY2FhLTExZTYtOGY4OC0zNDM2M2JjN2M0YzAiOnsiY3JlYXRlIjo2MDAwMDAwMDAwMDAsImRlbGV0ZSI6OTAwMDAwMDAwMDAwfSwic2NoZW1hX3ZlcnNpb24iOiIxIn0=",
          "dependencies": [
            "aws_security_group.alb",
            "aws_security_group.ec2",
            "aws_vpc.main"
          ],
          "create_before_destroy": true
        }
      ]
    },
    {
      "mode": "managed",
      "type": "aws_security_group",
      "name": "rds_postgres",
      "provider": "provider[\"registry.terraform.io/hashicorp/aws\"]",
      "instances": [
        {
          "schema_version": 1,
          "attributes": {
            "arn": "arn:aws:ec2:us-west-2:032598032877:security-group/sg-03fbd4eeaecc19924",
            "description": "Managed by Terraform",
            "egress": [
              {
                "cidr_blocks": [
                  "0.0.0.0/0"
                ],
                "description": "",
                "from_port": 0,
                "ipv6_cidr_blocks": [],
                "prefix_list_ids": [],
                "protocol": "-1",
                "security_groups": [],
                "self": false,
                "to_port": 0
              }
            ],
            "id": "sg-03fbd4eeaecc19924",
            "ingress": [
              {
                "cidr_blocks": [],
                "description": "PostgreSQL from EC2",
                "from_port": 5432,
                "ipv6_cidr_blocks": [],
                "prefix_list_ids": [],
                "protocol": "tcp",
                "security_groups": [
                  "sg-0dd5f6088b725e585"
                ],
                "self": false,
                "to_port": 5432
              }
            ],
            "name": "devops-project-owais-rds-postgres-20250616022126211600000007",
            "name_prefix": "devops-project-owais-rds-postgres-",
            "owner_id": "032598032877",
            "revoke_rules_on_delete": false,
            "tags": {
              "Name": "devops-project-owais-rds-postgres-sg"
            },
            "tags_all": {
              "Environment": "dev",
              "ManagedBy": "Terraform",
              "Name": "devops-project-owais-rds-postgres-sg",
              "Project": "devops-project-owais"
            },
            "timeouts": null,
            "vpc_id": "vpc-09ece0c1e60681e03"
          },
          "sensitive_attributes": [],
          "private": "eyJlMmJmYjczMC1lY2FhLTExZTYtOGY4OC0zNDM2M2JjN2M0YzAiOnsiY3JlYXRlIjo2MDAwMDAwMDAwMDAsImRlbGV0ZSI6OTAwMDAwMDAwMDAwfSwic2NoZW1hX3ZlcnNpb24iOiIxIn0=",
          "dependencies": [
            "aws_security_group.alb",
            "aws_security_group.ec2",
            "aws_vpc.main"
          ],
          "create_before_destroy": true
        }
      ]
    },
    {
      "mode": "managed",
      "type": "aws_subnet",
      "name": "private",
      "provider": "provider[\"registry.terraform.io/hashicorp/aws\"]",
      "instances": [
        {
          "index_key": 0,
          "schema_version": 1,
          "attributes": {
            "arn": "arn:aws:ec2:us-west-2:032598032877:subnet/subnet-0e49c429d18ea26e2",
            "assign_ipv6_address_on_creation": false,
            "availability_zone": "us-west-2a",
            "availability_zone_id": "usw2-az2",
            "cidr_block": "172.31.100.0/24",
            "customer_owned_ipv4_pool": "",
            "enable_dns64": false,
            "enable_lni_at_device_index": 0,
            "enable_resource_name_dns_a_record_on_launch": false,
            "enable_resource_name_dns_aaaa_record_on_launch": false,
            "id": "subnet-0e49c429d18ea26e2",
            "ipv6_cidr_block": "",
            "ipv6_cidr_block_association_id": "",
            "ipv6_native": false,
            "map_customer_owned_ip_on_launch": false,
            "map_public_ip_on_launch": false,
            "outpost_arn": "",
            "owner_id": "032598032877",
            "private_dns_hostname_type_on_launch": "ip-name",
            "tags": {
              "Name": "devops-project-owais-private-subnet-1",
              "Type": "Private"
            },
            "tags_all": {
              "Environment": "dev",
              "ManagedBy": "Terraform",
              "Name": "devops-project-owais-private-subnet-1",
              "Project": "devops-project-owais",
              "Type": "Private"
            },
            "timeouts": null,
            "vpc_id": "vpc-09ece0c1e60681e03"
          },
          "sensitive_attributes": [],
          "private": "eyJlMmJmYjczMC1lY2FhLTExZTYtOGY4OC0zNDM2M2JjN2M0YzAiOnsiY3JlYXRlIjo2MDAwMDAwMDAwMDAsImRlbGV0ZSI6MTIwMDAwMDAwMDAwMH0sInNjaGVtYV92ZXJzaW9uIjoiMSJ9",
          "dependencies": [
            "aws_vpc.main",
            "data.aws_availability_zones.available"
          ]
        },
        {
          "index_key": 1,
          "schema_version": 1,
          "attributes": {
            "arn": "arn:aws:ec2:us-west-2:032598032877:subnet/subnet-07f560c9551a2373b",
            "assign_ipv6_address_on_creation": false,
            "availability_zone": "us-west-2b",
            "availability_zone_id": "usw2-az1",
            "cidr_block": "172.31.101.0/24",
            "customer_owned_ipv4_pool": "",
            "enable_dns64": false,
            "enable_lni_at_device_index": 0,
            "enable_resource_name_dns_a_record_on_launch": false,
            "enable_resource_name_dns_aaaa_record_on_launch": false,
            "id": "subnet-07f560c9551a2373b",
            "ipv6_cidr_block": "",
            "ipv6_cidr_block_association_id": "",
            "ipv6_native": false,
            "map_customer_owned_ip_on_launch": false,
            "map_public_ip_on_launch": false,
            "outpost_arn": "",
            "owner_id": "032598032877",
            "private_dns_hostname_type_on_launch": "ip-name",
            "tags": {
              "Name": "devops-project-owais-private-subnet-2",
              "Type": "Private"
            },
            "tags_all": {
              "Environment": "dev",
              "ManagedBy": "Terraform",
              "Name": "devops-project-owais-private-subnet-2",
              "Project": "devops-project-owais",
              "Type": "Private"
            },
            "timeouts": null,
            "vpc_id": "vpc-09ece0c1e60681e03"
          },
          "sensitive_attributes": [],
          "private": "eyJlMmJmYjczMC1lY2FhLTExZTYtOGY4OC0zNDM2M2JjN2M0YzAiOnsiY3JlYXRlIjo2MDAwMDAwMDAwMDAsImRlbGV0ZSI6MTIwMDAwMDAwMDAwMH0sInNjaGVtYV92ZXJzaW9uIjoiMSJ9",
          "dependencies": [
            "aws_vpc.main",
            "data.aws_availability_zones.available"
          ]
        }
      ]
    },
    {
      "mode": "managed",
      "type": "aws_subnet",
      "name": "public",
      "provider": "provider[\"registry.terraform.io/hashicorp/aws\"]",
      "instances": [
        {
          "index_key": 0,
          "schema_version": 1,
          "attributes": {
            "arn": "arn:aws:ec2:us-west-2:032598032877:subnet/subnet-0124416bddff6808f",
            "assign_ipv6_address_on_creation": false,
            "availability_zone": "us-west-2a",
            "availability_zone_id": "usw2-az2",
            "cidr_block": "172.31.0.0/20",
            "customer_owned_ipv4_pool": "",
            "enable_dns64": false,
            "enable_lni_at_device_index": 0,
            "enable_resource_name_dns_a_record_on_launch": false,
            "enable_resource_name_dns_aaaa_record_on_launch": false,
            "id": "subnet-0124416bddff6808f",
            "ipv6_cidr_block": "",
            "ipv6_cidr_block_association_id": "",
            "ipv6_native": false,
            "map_customer_owned_ip_on_launch": false,
            "map_public_ip_on_launch": true,
            "outpost_arn": "",
            "owner_id": "032598032877",
            "private_dns_hostname_type_on_launch": "ip-name",
            "tags": {
              "Name": "devops-project-owais-public-subnet-1",
              "Type": "Public"
            },
            "tags_all": {
              "Environment": "dev",
              "ManagedBy": "Terraform",
              "Name": "devops-project-owais-public-subnet-1",
              "Project": "devops-project-owais",
              "Type": "Public"
            },
            "timeouts": null,
            "vpc_id": "vpc-09ece0c1e60681e03"
          },
          "sensitive_attributes": [],
          "private": "eyJlMmJmYjczMC1lY2FhLTExZTYtOGY4OC0zNDM2M2JjN2M0YzAiOnsiY3JlYXRlIjo2MDAwMDAwMDAwMDAsImRlbGV0ZSI6MTIwMDAwMDAwMDAwMH0sInNjaGVtYV92ZXJzaW9uIjoiMSJ9",
          "dependencies": [
            "aws_vpc.main",
            "data.aws_availability_zones.available"
          ],
          "create_before_destroy": true
        },
        {
          "index_key": 1,
          "schema_version": 1,
          "attributes": {
            "arn": "arn:aws:ec2:us-west-2:032598032877:subnet/subnet-042c962337bcdb5c4",
            "assign_ipv6_address_on_creation": false,
            "availability_zone": "us-west-2b",
            "availability_zone_id": "usw2-az1",
            "cidr_block": "172.31.16.0/20",
            "customer_owned_ipv4_pool": "",
            "enable_dns64": false,
            "enable_lni_at_device_index": 0,
            "enable_resource_name_dns_a_record_on_launch": false,
            "enable_resource_name_dns_aaaa_record_on_launch": false,
            "id": "subnet-042c962337bcdb5c4",
            "ipv6_cidr_block": "",
            "ipv6_cidr_block_association_id": "",
            "ipv6_native": false,
            "map_customer_owned_ip_on_launch": false,
            "map_public_ip_on_launch": true,
            "outpost_arn": "",
            "owner_id": "032598032877",
            "private_dns_hostname_type_on_launch": "ip-name",
            "tags": {
              "Name": "devops-project-owais-public-subnet-2",
              "Type": "Public"
            },
            "tags_all": {
              "Environment": "dev",
              "ManagedBy": "Terraform",
              "Name": "devops-project-owais-public-subnet-2",
              "Project": "devops-project-owais",
              "Type": "Public"
            },
            "timeouts": null,
            "vpc_id": "vpc-09ece0c1e60681e03"
          },
          "sensitive_attributes": [],
          "private": "eyJlMmJmYjczMC1lY2FhLTExZTYtOGY4OC0zNDM2M2JjN2M0YzAiOnsiY3JlYXRlIjo2MDAwMDAwMDAwMDAsImRlbGV0ZSI6MTIwMDAwMDAwMDAwMH0sInNjaGVtYV92ZXJzaW9uIjoiMSJ9",
          "dependencies": [
            "aws_vpc.main",
            "data.aws_availability_zones.available"
          ],
          "create_before_destroy": true
        },
        {
          "index_key": 2,
          "schema_version": 1,
          "attributes": {
            "arn": "arn:aws:ec2:us-west-2:032598032877:subnet/subnet-03071031540df252e",
            "assign_ipv6_address_on_creation": false,
            "availability_zone": "us-west-2c",
            "availability_zone_id": "usw2-az3",
            "cidr_block": "172.31.48.0/20",
            "customer_owned_ipv4_pool": "",
            "enable_dns64": false,
            "enable_lni_at_device_index": 0,
            "enable_resource_name_dns_a_record_on_launch": false,
            "enable_resource_name_dns_aaaa_record_on_launch": false,
            "id": "subnet-03071031540df252e",
            "ipv6_cidr_block": "",
            "ipv6_cidr_block_association_id": "",
            "ipv6_native": false,
            "map_customer_owned_ip_on_launch": false,
            "map_public_ip_on_launch": true,
            "outpost_arn": "",
            "owner_id": "032598032877",
            "private_dns_hostname_type_on_launch": "ip-name",
            "tags": {
              "Name": "devops-project-owais-public-subnet-3",
              "Type": "Public"
            },
            "tags_all": {
              "Environment": "dev",
              "ManagedBy": "Terraform",
              "Name": "devops-project-owais-public-subnet-3",
              "Project": "devops-project-owais",
              "Type": "Public"
            },
            "timeouts": null,
            "vpc_id": "vpc-09ece0c1e60681e03"
          },
          "sensitive_attributes": [],
          "private": "eyJlMmJmYjczMC1lY2FhLTExZTYtOGY4OC0zNDM2M2JjN2M0YzAiOnsiY3JlYXRlIjo2MDAwMDAwMDAwMDAsImRlbGV0ZSI6MTIwMDAwMDAwMDAwMH0sInNjaGVtYV92ZXJzaW9uIjoiMSJ9",
          "dependencies": [
            "aws_vpc.main",
            "data.aws_availability_zones.available"
          ],
          "create_before_destroy": true
        },
        {
          "index_key": 3,
          "schema_version": 1,
          "attributes": {
            "arn": "arn:aws:ec2:us-west-2:032598032877:subnet/subnet-0d4d02d7c6ce4007a",
            "assign_ipv6_address_on_creation": false,
            "availability_zone": "us-west-2d",
            "availability_zone_id": "usw2-az4",
            "cidr_block": "172.31.32.0/20",
            "customer_owned_ipv4_pool": "",
            "enable_dns64": false,
            "enable_lni_at_device_index": 0,
            "enable_resource_name_dns_a_record_on_launch": false,
            "enable_resource_name_dns_aaaa_record_on_launch": false,
            "id": "subnet-0d4d02d7c6ce4007a",
            "ipv6_cidr_block": "",
            "ipv6_cidr_block_association_id": "",
            "ipv6_native": false,
            "map_customer_owned_ip_on_launch": false,
            "map_public_ip_on_launch": true,
            "outpost_arn": "",
            "owner_id": "032598032877",
            "private_dns_hostname_type_on_launch": "ip-name",
            "tags": {
              "Name": "devops-project-owais-public-subnet-4",
              "Type": "Public"
            },
            "tags_all": {
              "Environment": "dev",
              "ManagedBy": "Terraform",
              "Name": "devops-project-owais-public-subnet-4",
              "Project": "devops-project-owais",
              "Type": "Public"
            },
            "timeouts": null,
            "vpc_id": "vpc-09ece0c1e60681e03"
          },
          "sensitive_attributes": [],
          "private": "eyJlMmJmYjczMC1lY2FhLTExZTYtOGY4OC0zNDM2M2JjN2M0YzAiOnsiY3JlYXRlIjo2MDAwMDAwMDAwMDAsImRlbGV0ZSI6MTIwMDAwMDAwMDAwMH0sInNjaGVtYV92ZXJzaW9uIjoiMSJ9",
          "dependencies": [
            "aws_vpc.main",
            "data.aws_availability_zones.available"
          ],
          "create_before_destroy": true
        }
      ]
    },
    {
      "mode": "managed",
      "type": "aws_vpc",
      "name": "main",
      "provider": "provider[\"registry.terraform.io/hashicorp/aws\"]",
      "instances": [
        {
          "schema_version": 1,
          "attributes": {
            "arn": "arn:aws:ec2:us-west-2:032598032877:vpc/vpc-09ece0c1e60681e03",
            "assign_generated_ipv6_cidr_block": false,
            "cidr_block": "172.31.0.0/16",
            "default_network_acl_id": "acl-0228303acbe7e60df",
            "default_route_table_id": "rtb-0c80bae2affe3082d",
            "default_security_group_id": "sg-03543be63bec7cccb",
            "dhcp_options_id": "dopt-08cc097b6ce1c6ab0",
            "enable_dns_hostnames": true,
            "enable_dns_support": true,
            "enable_network_address_usage_metrics": false,
            "id": "vpc-09ece0c1e60681e03",
            "instance_tenancy": "default",
            "ipv4_ipam_pool_id": null,
            "ipv4_netmask_length": null,
            "ipv6_association_id": "",
            "ipv6_cidr_block": "",
            "ipv6_cidr_block_network_border_group": "",
            "ipv6_ipam_pool_id": "",
            "ipv6_netmask_length": 0,
            "main_route_table_id": "rtb-0c80bae2affe3082d",
            "owner_id": "032598032877",
            "tags": {
              "Name": "devops-project-owais-vpc"
            },
            "tags_all": {
              "Environment": "dev",
              "ManagedBy": "Terraform",
              "Name": "devops-project-owais-vpc",
              "Project": "devops-project-owais"
            }
          },
          "sensitive_attributes": [],
          "private": "eyJzY2hlbWFfdmVyc2lvbiI6IjEifQ==",
          "create_before_destroy": true
        }
      ]
    }
  ],
  "check_results": null
}
